// !$*UTF8*$!
{
	archiveVersion = 1;
	classes = {
	};
	objectVersion = 46;
	objects = {

/* Begin PBXBuildFile section */
		D4977A9A1C4630CD00BF7610 /* YJContactVC.swift in Sources */ = {isa = PBXBuildFile; fileRef = D4977A991C4630CD00BF7610 /* YJContactVC.swift */; };
		D4977A9C1C47973200BF7610 /* YJContactsUIVC.swift in Sources */ = {isa = PBXBuildFile; fileRef = D4977A9B1C47973200BF7610 /* YJContactsUIVC.swift */; };
		D4C3B7C91C44DF080053D7B8 /* AppDelegate.swift in Sources */ = {isa = PBXBuildFile; fileRef = D4C3B7C81C44DF080053D7B8 /* AppDelegate.swift */; };
		D4C3B7CE1C44DF080053D7B8 /* Main.storyboard in Resources */ = {isa = PBXBuildFile; fileRef = D4C3B7CC1C44DF080053D7B8 /* Main.storyboard */; };
		D4C3B7D01C44DF080053D7B8 /* Assets.xcassets in Resources */ = {isa = PBXBuildFile; fileRef = D4C3B7CF1C44DF080053D7B8 /* Assets.xcassets */; };
		D4C3B7D31C44DF080053D7B8 /* LaunchScreen.storyboard in Resources */ = {isa = PBXBuildFile; fileRef = D4C3B7D11C44DF080053D7B8 /* LaunchScreen.storyboard */; };
		D4C3B7DE1C44DF080053D7B8 /* ContactTests.swift in Sources */ = {isa = PBXBuildFile; fileRef = D4C3B7DD1C44DF080053D7B8 /* ContactTests.swift */; };
		D4C3B7E91C44DF080053D7B8 /* ContactUITests.swift in Sources */ = {isa = PBXBuildFile; fileRef = D4C3B7E81C44DF080053D7B8 /* ContactUITests.swift */; };
/* End PBXBuildFile section */

/* Begin PBXContainerItemProxy section */
		D4C3B7DA1C44DF080053D7B8 /* PBXContainerItemProxy */ = {
			isa = PBXContainerItemProxy;
			containerPortal = D4C3B7BD1C44DF080053D7B8 /* Project object */;
			proxyType = 1;
			remoteGlobalIDString = D4C3B7C41C44DF080053D7B8;
			remoteInfo = Contact;
		};
		D4C3B7E51C44DF080053D7B8 /* PBXContainerItemProxy */ = {
			isa = PBXContainerItemProxy;
			containerPortal = D4C3B7BD1C44DF080053D7B8 /* Project object */;
			proxyType = 1;
			remoteGlobalIDString = D4C3B7C41C44DF080053D7B8;
			remoteInfo = Contact;
		};
/* End PBXContainerItemProxy section */

/* Begin PBXFileReference section */
		D4977A991C4630CD00BF7610 /* YJContactVC.swift */ = {isa = PBXFileReference; fileEncoding = 4; lastKnownFileType = sourcecode.swift; path = YJContactVC.swift; sourceTree = "<group>"; };
		D4977A9B1C47973200BF7610 /* YJContactsUIVC.swift */ = {isa = PBXFileReference; fileEncoding = 4; lastKnownFileType = sourcecode.swift; path = YJContactsUIVC.swift; sourceTree = "<group>"; };
		D4C3B7C51C44DF080053D7B8 /* Contact.app */ = {isa = PBXFileReference; explicitFileType = wrapper.application; includeInIndex = 0; path = Contact.app; sourceTree = BUILT_PRODUCTS_DIR; };
		D4C3B7C81C44DF080053D7B8 /* AppDelegate.swift */ = {isa = PBXFileReference; lastKnownFileType = sourcecode.swift; path = AppDelegate.swift; sourceTree = "<group>"; };
		D4C3B7CD1C44DF080053D7B8 /* Base */ = {isa = PBXFileReference; lastKnownFileType = file.storyboard; name = Base; path = Base.lproj/Main.storyboard; sourceTree = "<group>"; };
		D4C3B7CF1C44DF080053D7B8 /* Assets.xcassets */ = {isa = PBXFileReference; lastKnownFileType = folder.assetcatalog; path = Assets.xcassets; sourceTree = "<group>"; };
		D4C3B7D21C44DF080053D7B8 /* Base */ = {isa = PBXFileReference; lastKnownFileType = file.storyboard; name = Base; path = Base.lproj/LaunchScreen.storyboard; sourceTree = "<group>"; };
		D4C3B7D41C44DF080053D7B8 /* Info.plist */ = {isa = PBXFileReference; lastKnownFileType = text.plist.xml; path = Info.plist; sourceTree = "<group>"; };
		D4C3B7D91C44DF080053D7B8 /* ContactTests.xctest */ = {isa = PBXFileReference; explicitFileType = wrapper.cfbundle; includeInIndex = 0; path = ContactTests.xctest; sourceTree = BUILT_PRODUCTS_DIR; };
		D4C3B7DD1C44DF080053D7B8 /* ContactTests.swift */ = {isa = PBXFileReference; lastKnownFileType = sourcecode.swift; path = ContactTests.swift; sourceTree = "<group>"; };
		D4C3B7DF1C44DF080053D7B8 /* Info.plist */ = {isa = PBXFileReference; lastKnownFileType = text.plist.xml; path = Info.plist; sourceTree = "<group>"; };
		D4C3B7E41C44DF080053D7B8 /* ContactUITests.xctest */ = {isa = PBXFileReference; explicitFileType = wrapper.cfbundle; includeInIndex = 0; path = ContactUITests.xctest; sourceTree = BUILT_PRODUCTS_DIR; };
		D4C3B7E81C44DF080053D7B8 /* ContactUITests.swift */ = {isa = PBXFileReference; lastKnownFileType = sourcecode.swift; path = ContactUITests.swift; sourceTree = "<group>"; };
		D4C3B7EA1C44DF080053D7B8 /* Info.plist */ = {isa = PBXFileReference; lastKnownFileType = text.plist.xml; path = Info.plist; sourceTree = "<group>"; };
/* End PBXFileReference section */

/* Begin PBXFrameworksBuildPhase section */
		D4C3B7C21C44DF080053D7B8 /* Frameworks */ = {
			isa = PBXFrameworksBuildPhase;
			buildActionMask = 2147483647;
			files = (
			);
			runOnlyForDeploymentPostprocessing = 0;
		};
		D4C3B7D61C44DF080053D7B8 /* Frameworks */ = {
			isa = PBXFrameworksBuildPhase;
			buildActionMask = 2147483647;
			files = (
			);
			runOnlyForDeploymentPostprocessing = 0;
		};
		D4C3B7E11C44DF080053D7B8 /* Frameworks */ = {
			isa = PBXFrameworksBuildPhase;
			buildActionMask = 2147483647;
			files = (
			);
			runOnlyForDeploymentPostprocessing = 0;
		};
/* End PBXFrameworksBuildPhase section */

/* Begin PBXGroup section */
		D4C3B7BC1C44DF080053D7B8 = {
			isa = PBXGroup;
			children = (
				D4C3B7C71C44DF080053D7B8 /* Contact */,
				D4C3B7DC1C44DF080053D7B8 /* ContactTests */,
				D4C3B7E71C44DF080053D7B8 /* ContactUITests */,
				D4C3B7C61C44DF080053D7B8 /* Products */,
			);
			sourceTree = "<group>";
		};
		D4C3B7C61C44DF080053D7B8 /* Products */ = {
			isa = PBXGroup;
			children = (
				D4C3B7C51C44DF080053D7B8 /* Contact.app */,
				D4C3B7D91C44DF080053D7B8 /* ContactTests.xctest */,
				D4C3B7E41C44DF080053D7B8 /* ContactUITests.xctest */,
			);
			name = Products;
			sourceTree = "<group>";
		};
		D4C3B7C71C44DF080053D7B8 /* Contact */ = {
			isa = PBXGroup;
			children = (
				D4C3B7C81C44DF080053D7B8 /* AppDelegate.swift */,
				D4C3B7F61C44E03A0053D7B8 /* Main */,
				D4C3B7F71C44E0450053D7B8 /* Stoaryboard */,
				D4C3B7F81C44E04E0053D7B8 /* Resources */,
			);
			path = Contact;
			sourceTree = "<group>";
		};
		D4C3B7DC1C44DF080053D7B8 /* ContactTests */ = {
			isa = PBXGroup;
			children = (
				D4C3B7DD1C44DF080053D7B8 /* ContactTests.swift */,
				D4C3B7DF1C44DF080053D7B8 /* Info.plist */,
			);
			path = ContactTests;
			sourceTree = "<group>";
		};
		D4C3B7E71C44DF080053D7B8 /* ContactUITests */ = {
			isa = PBXGroup;
			children = (
				D4C3B7E81C44DF080053D7B8 /* ContactUITests.swift */,
				D4C3B7EA1C44DF080053D7B8 /* Info.plist */,
			);
			path = ContactUITests;
			sourceTree = "<group>";
		};
		D4C3B7F61C44E03A0053D7B8 /* Main */ = {
			isa = PBXGroup;
			children = (
				D4977A991C4630CD00BF7610 /* YJContactVC.swift */,
				D4977A9B1C47973200BF7610 /* YJContactsUIVC.swift */,
			);
			name = Main;
			sourceTree = "<group>";
		};
		D4C3B7F71C44E0450053D7B8 /* Stoaryboard */ = {
			isa = PBXGroup;
			children = (
				D4C3B7CC1C44DF080053D7B8 /* Main.storyboard */,
				D4C3B7D11C44DF080053D7B8 /* LaunchScreen.storyboard */,
			);
			name = Stoaryboard;
			sourceTree = "<group>";
		};
		D4C3B7F81C44E04E0053D7B8 /* Resources */ = {
			isa = PBXGroup;
			children = (
				D4C3B7CF1C44DF080053D7B8 /* Assets.xcassets */,
				D4C3B7D41C44DF080053D7B8 /* Info.plist */,
			);
			name = Resources;
			sourceTree = "<group>";
		};
/* End PBXGroup section */

/* Begin PBXNativeTarget section */
		D4C3B7C41C44DF080053D7B8 /* Contact */ = {
			isa = PBXNativeTarget;
			buildConfigurationList = D4C3B7ED1C44DF080053D7B8 /* Build configuration list for PBXNativeTarget "Contact" */;
			buildPhases = (
				D4C3B7C11C44DF080053D7B8 /* Sources */,
				D4C3B7C21C44DF080053D7B8 /* Frameworks */,
				D4C3B7C31C44DF080053D7B8 /* Resources */,
			);
			buildRules = (
			);
			dependencies = (
			);
			name = Contact;
			productName = Contact;
			productReference = D4C3B7C51C44DF080053D7B8 /* Contact.app */;
			productType = "com.apple.product-type.application";
		};
		D4C3B7D81C44DF080053D7B8 /* ContactTests */ = {
			isa = PBXNativeTarget;
			buildConfigurationList = D4C3B7F01C44DF080053D7B8 /* Build configuration list for PBXNativeTarget "ContactTests" */;
			buildPhases = (
				D4C3B7D51C44DF080053D7B8 /* Sources */,
				D4C3B7D61C44DF080053D7B8 /* Frameworks */,
				D4C3B7D71C44DF080053D7B8 /* Resources */,
			);
			buildRules = (
			);
			dependencies = (
				D4C3B7DB1C44DF080053D7B8 /* PBXTargetDependency */,
			);
			name = ContactTests;
			productName = ContactTests;
			productReference = D4C3B7D91C44DF080053D7B8 /* ContactTests.xctest */;
			productType = "com.apple.product-type.bundle.unit-test";
		};
		D4C3B7E31C44DF080053D7B8 /* ContactUITests */ = {
			isa = PBXNativeTarget;
			buildConfigurationList = D4C3B7F31C44DF080053D7B8 /* Build configuration list for PBXNativeTarget "ContactUITests" */;
			buildPhases = (
				D4C3B7E01C44DF080053D7B8 /* Sources */,
				D4C3B7E11C44DF080053D7B8 /* Frameworks */,
				D4C3B7E21C44DF080053D7B8 /* Resources */,
			);
			buildRules = (
			);
			dependencies = (
				D4C3B7E61C44DF080053D7B8 /* PBXTargetDependency */,
			);
			name = ContactUITests;
			productName = ContactUITests;
			productReference = D4C3B7E41C44DF080053D7B8 /* ContactUITests.xctest */;
			productType = "com.apple.product-type.bundle.ui-testing";
		};
/* End PBXNativeTarget section */

/* Begin PBXProject section */
		D4C3B7BD1C44DF080053D7B8 /* Project object */ = {
			isa = PBXProject;
			attributes = {
				CLASSPREFIX = YJ;
				LastSwiftUpdateCheck = 0720;
				LastUpgradeCheck = 0830;
				ORGANIZATIONNAME = "阳君";
				TargetAttributes = {
					D4C3B7C41C44DF080053D7B8 = {
						CreatedOnToolsVersion = 7.2;
						LastSwiftMigration = 0830;
					};
					D4C3B7D81C44DF080053D7B8 = {
						CreatedOnToolsVersion = 7.2;
						LastSwiftMigration = 0830;
						TestTargetID = D4C3B7C41C44DF080053D7B8;
					};
					D4C3B7E31C44DF080053D7B8 = {
						CreatedOnToolsVersion = 7.2;
						LastSwiftMigration = 0830;
						TestTargetID = D4C3B7C41C44DF080053D7B8;
					};
				};
			};
			buildConfigurationList = D4C3B7C01C44DF080053D7B8 /* Build configuration list for PBXProject "Contact" */;
			compatibilityVersion = "Xcode 3.2";
			developmentRegion = English;
			hasScannedForEncodings = 0;
			knownRegions = (
				en,
				Base,
			);
			mainGroup = D4C3B7BC1C44DF080053D7B8;
			productRefGroup = D4C3B7C61C44DF080053D7B8 /* Products */;
			projectDirPath = "";
			projectRoot = "";
			targets = (
				D4C3B7C41C44DF080053D7B8 /* Contact */,
				D4C3B7D81C44DF080053D7B8 /* ContactTests */,
				D4C3B7E31C44DF080053D7B8 /* ContactUITests */,
			);
		};
/* End PBXProject section */

/* Begin PBXResourcesBuildPhase section */
		D4C3B7C31C44DF080053D7B8 /* Resources */ = {
			isa = PBXResourcesBuildPhase;
			buildActionMask = 2147483647;
			files = (
				D4C3B7D31C44DF080053D7B8 /* LaunchScreen.storyboard in Resources */,
				D4C3B7D01C44DF080053D7B8 /* Assets.xcassets in Resources */,
				D4C3B7CE1C44DF080053D7B8 /* Main.storyboard in Resources */,
			);
			runOnlyForDeploymentPostprocessing = 0;
		};
		D4C3B7D71C44DF080053D7B8 /* Resources */ = {
			isa = PBXResourcesBuildPhase;
			buildActionMask = 2147483647;
			files = (
			);
			runOnlyForDeploymentPostprocessing = 0;
		};
		D4C3B7E21C44DF080053D7B8 /* Resources */ = {
			isa = PBXResourcesBuildPhase;
			buildActionMask = 2147483647;
			files = (
			);
			runOnlyForDeploymentPostprocessing = 0;
		};
/* End PBXResourcesBuildPhase section */

/* Begin PBXSourcesBuildPhase section */
		D4C3B7C11C44DF080053D7B8 /* Sources */ = {
			isa = PBXSourcesBuildPhase;
			buildActionMask = 2147483647;
			files = (
				D4977A9A1C4630CD00BF7610 /* YJContactVC.swift in Sources */,
				D4977A9C1C47973200BF7610 /* YJContactsUIVC.swift in Sources */,
				D4C3B7C91C44DF080053D7B8 /* AppDelegate.swift in Sources */,
			);
			runOnlyForDeploymentPostprocessing = 0;
		};
		D4C3B7D51C44DF080053D7B8 /* Sources */ = {
			isa = PBXSourcesBuildPhase;
			buildActionMask = 2147483647;
			files = (
				D4C3B7DE1C44DF080053D7B8 /* ContactTests.swift in Sources */,
			);
			runOnlyForDeploymentPostprocessing = 0;
		};
		D4C3B7E01C44DF080053D7B8 /* Sources */ = {
			isa = PBXSourcesBuildPhase;
			buildActionMask = 2147483647;
			files = (
				D4C3B7E91C44DF080053D7B8 /* ContactUITests.swift in Sources */,
			);
			runOnlyForDeploymentPostprocessing = 0;
		};
/* End PBXSourcesBuildPhase section */

/* Begin PBXTargetDependency section */
		D4C3B7DB1C44DF080053D7B8 /* PBXTargetDependency */ = {
			isa = PBXTargetDependency;
			target = D4C3B7C41C44DF080053D7B8 /* Contact */;
			targetProxy = D4C3B7DA1C44DF080053D7B8 /* PBXContainerItemProxy */;
		};
		D4C3B7E61C44DF080053D7B8 /* PBXTargetDependency */ = {
			isa = PBXTargetDependency;
			target = D4C3B7C41C44DF080053D7B8 /* Contact */;
			targetProxy = D4C3B7E51C44DF080053D7B8 /* PBXContainerItemProxy */;
		};
/* End PBXTargetDependency section */

/* Begin PBXVariantGroup section */
		D4C3B7CC1C44DF080053D7B8 /* Main.storyboard */ = {
			isa = PBXVariantGroup;
			children = (
				D4C3B7CD1C44DF080053D7B8 /* Base */,
			);
			name = Main.storyboard;
			sourceTree = "<group>";
		};
		D4C3B7D11C44DF080053D7B8 /* LaunchScreen.storyboard */ = {
			isa = PBXVariantGroup;
			children = (
				D4C3B7D21C44DF080053D7B8 /* Base */,
			);
			name = LaunchScreen.storyboard;
			sourceTree = "<group>";
		};
/* End PBXVariantGroup section */

/* Begin XCBuildConfiguration section */
		D4C3B7EB1C44DF080053D7B8 /* Debug */ = {
			isa = XCBuildConfiguration;
			buildSettings = {
				ALWAYS_SEARCH_USER_PATHS = NO;
				CLANG_CXX_LANGUAGE_STANDARD = "gnu++0x";
				CLANG_CXX_LIBRARY = "libc++";
				CLANG_ENABLE_MODULES = YES;
				CLANG_ENABLE_OBJC_ARC = YES;
				CLANG_WARN_BOOL_CONVERSION = YES;
				CLANG_WARN_CONSTANT_CONVERSION = YES;
				CLANG_WARN_DIRECT_OBJC_ISA_USAGE = YES_ERROR;
				CLANG_WARN_EMPTY_BODY = YES;
				CLANG_WARN_ENUM_CONVERSION = YES;
				CLANG_WARN_INFINITE_RECURSION = YES;
				CLANG_WARN_INT_CONVERSION = YES;
				CLANG_WARN_OBJC_ROOT_CLASS = YES_ERROR;
				CLANG_WARN_SUSPICIOUS_MOVE = YES;
				CLANG_WARN_UNREACHABLE_CODE = YES;
				CLANG_WARN__DUPLICATE_METHOD_MATCH = YES;
				"CODE_SIGN_IDENTITY[sdk=iphoneos*]" = "iPhone Developer";
				COPY_PHASE_STRIP = NO;
				DEBUG_INFORMATION_FORMAT = dwarf;
				ENABLE_STRICT_OBJC_MSGSEND = YES;
				ENABLE_TESTABILITY = YES;
				GCC_C_LANGUAGE_STANDARD = gnu99;
				GCC_DYNAMIC_NO_PIC = NO;
				GCC_NO_COMMON_BLOCKS = YES;
				GCC_OPTIMIZATION_LEVEL = 0;
				GCC_PREPROCESSOR_DEFINITIONS = (
					"DEBUG=1",
					"$(inherited)",
				);
				GCC_WARN_64_TO_32_BIT_CONVERSION = YES;
				GCC_WARN_ABOUT_RETURN_TYPE = YES_ERROR;
				GCC_WARN_UNDECLARED_SELECTOR = YES;
				GCC_WARN_UNINITIALIZED_AUTOS = YES_AGGRESSIVE;
				GCC_WARN_UNUSED_FUNCTION = YES;
				GCC_WARN_UNUSED_VARIABLE = YES;
				IPHONEOS_DEPLOYMENT_TARGET = 9.2;
				MTL_ENABLE_DEBUG_INFO = YES;
				ONLY_ACTIVE_ARCH = YES;
				SDKROOT = iphoneos;
				SWIFT_OPTIMIZATION_LEVEL = "-Onone";
				TARGETED_DEVICE_FAMILY = "1,2";
			};
			name = Debug;
		};
		D4C3B7EC1C44DF080053D7B8 /* Release */ = {
			isa = XCBuildConfiguration;
			buildSettings = {
				ALWAYS_SEARCH_USER_PATHS = NO;
				CLANG_CXX_LANGUAGE_STANDARD = "gnu++0x";
				CLANG_CXX_LIBRARY = "libc++";
				CLANG_ENABLE_MODULES = YES;
				CLANG_ENABLE_OBJC_ARC = YES;
				CLANG_WARN_BOOL_CONVERSION = YES;
				CLANG_WARN_CONSTANT_CONVERSION = YES;
				CLANG_WARN_DIRECT_OBJC_ISA_USAGE = YES_ERROR;
				CLANG_WARN_EMPTY_BODY = YES;
				CLANG_WARN_ENUM_CONVERSION = YES;
				CLANG_WARN_INFINITE_RECURSION = YES;
				CLANG_WARN_INT_CONVERSION = YES;
				CLANG_WARN_OBJC_ROOT_CLASS = YES_ERROR;
				CLANG_WARN_SUSPICIOUS_MOVE = YES;
				CLANG_WARN_UNREACHABLE_CODE = YES;
				CLANG_WARN__DUPLICATE_METHOD_MATCH = YES;
				"CODE_SIGN_IDENTITY[sdk=iphoneos*]" = "iPhone Developer";
				COPY_PHASE_STRIP = NO;
				DEBUG_INFORMATION_FORMAT = "dwarf-with-dsym";
				ENABLE_NS_ASSERTIONS = NO;
				ENABLE_STRICT_OBJC_MSGSEND = YES;
				GCC_C_LANGUAGE_STANDARD = gnu99;
				GCC_NO_COMMON_BLOCKS = YES;
				GCC_WARN_64_TO_32_BIT_CONVERSION = YES;
				GCC_WARN_ABOUT_RETURN_TYPE = YES_ERROR;
				GCC_WARN_UNDECLARED_SELECTOR = YES;
				GCC_WARN_UNINITIALIZED_AUTOS = YES_AGGRESSIVE;
				GCC_WARN_UNUSED_FUNCTION = YES;
				GCC_WARN_UNUSED_VARIABLE = YES;
				IPHONEOS_DEPLOYMENT_TARGET = 9.2;
				MTL_ENABLE_DEBUG_INFO = NO;
				SDKROOT = iphoneos;
				SWIFT_OPTIMIZATION_LEVEL = "-Owholemodule";
				TARGETED_DEVICE_FAMILY = "1,2";
				VALIDATE_PRODUCT = YES;
			};
			name = Release;
		};
		D4C3B7EE1C44DF080053D7B8 /* Debug */ = {
			isa = XCBuildConfiguration;
			buildSettings = {
				ASSETCATALOG_COMPILER_APPICON_NAME = AppIcon;
				CODE_SIGN_IDENTITY = "iPhone Developer";
				INFOPLIST_FILE = Contact/Info.plist;
				LD_RUNPATH_SEARCH_PATHS = "$(inherited) @executable_path/Frameworks";
				PRODUCT_BUNDLE_IDENTIFIER = com.Contact;
				PRODUCT_NAME = "$(TARGET_NAME)";
				SWIFT_VERSION = 3.0;
			};
			name = Debug;
		};
		D4C3B7EF1C44DF080053D7B8 /* Release */ = {
			isa = XCBuildConfiguration;
			buildSettings = {
				ASSETCATALOG_COMPILER_APPICON_NAME = AppIcon;
				CODE_SIGN_IDENTITY = "iPhone Developer";
				INFOPLIST_FILE = Contact/Info.plist;
				LD_RUNPATH_SEARCH_PATHS = "$(inherited) @executable_path/Frameworks";
				PRODUCT_BUNDLE_IDENTIFIER = com.Contact;
				PRODUCT_NAME = "$(TARGET_NAME)";
				SWIFT_VERSION = 3.0;
			};
			name = Release;
		};
		D4C3B7F11C44DF080053D7B8 /* Debug */ = {
			isa = XCBuildConfiguration;
			buildSettings = {
				BUNDLE_LOADER = "$(TEST_HOST)";
				INFOPLIST_FILE = ContactTests/Info.plist;
				LD_RUNPATH_SEARCH_PATHS = "$(inherited) @executable_path/Frameworks @loader_path/Frameworks";
				PRODUCT_BUNDLE_IDENTIFIER = com.ContactTests;
				PRODUCT_NAME = "$(TARGET_NAME)";
				SWIFT_VERSION = 3.0;
				TEST_HOST = "$(BUILT_PRODUCTS_DIR)/Contact.app/Contact";
			};
			name = Debug;
		};
		D4C3B7F21C44DF080053D7B8 /* Release */ = {
			isa = XCBuildConfiguration;
			buildSettings = {
				BUNDLE_LOADER = "$(TEST_HOST)";
				INFOPLIST_FILE = ContactTests/Info.plist;
				LD_RUNPATH_SEARCH_PATHS = "$(inherited) @executable_path/Frameworks @loader_path/Frameworks";
				PRODUCT_BUNDLE_IDENTIFIER = com.ContactTests;
				PRODUCT_NAME = "$(TARGET_NAME)";
				SWIFT_VERSION = 3.0;
				TEST_HOST = "$(BUILT_PRODUCTS_DIR)/Contact.app/Contact";
			};
			name = Release;
		};
		D4C3B7F41C44DF080053D7B8 /* Debug */ = {
			isa = XCBuildConfiguration;
			buildSettings = {
				INFOPLIST_FILE = ContactUITests/Info.plist;
				LD_RUNPATH_SEARCH_PATHS = "$(inherited) @executable_path/Frameworks @loader_path/Frameworks";
				PRODUCT_BUNDLE_IDENTIFIER = com.ContactUITests;
				PRODUCT_NAME = "$(TARGET_NAME)";
				SWIFT_VERSION = 3.0;
				TEST_TARGET_NAME = Contact;
				USES_XCTRUNNER = YES;
			};
			name = Debug;
		};
		D4C3B7F51C44DF080053D7B8 /* Release */ = {
			isa = XCBuildConfiguration;
			buildSettings = {
				INFOPLIST_FILE = ContactUITests/Info.plist;
				LD_RUNPATH_SEARCH_PATHS = "$(inherited) @executable_path/Frameworks @loader_path/Frameworks";
				PRODUCT_BUNDLE_IDENTIFIER = com.ContactUITests;
				PRODUCT_NAME = "$(TARGET_NAME)";
				SWIFT_VERSION = 3.0;
				TEST_TARGET_NAME = Contact;
				USES_XCTRUNNER = YES;
			};
			name = Release;
		};
/* End XCBuildConfiguration section */

/* Begin XCConfigurationList section */
		D4C3B7C01C44DF080053D7B8 /* Build configuration list for PBXProject "Contact" */ = {
			isa = XCConfigurationList;
			buildConfigurations = (
				D4C3B7EB1C44DF080053D7B8 /* Debug */,
				D4C3B7EC1C44DF080053D7B8 /* Release */,
			);
			defaultConfigurationIsVisible = 0;
			defaultConfigurationName = Release;
		};
		D4C3B7ED1C44DF080053D7B8 /* Build configuration list for PBXNativeTarget "Contact" */ = {
			isa = XCConfigurationList;
			buildConfigurations = (
				D4C3B7EE1C44DF080053D7B8 /* Debug */,
				D4C3B7EF1C44DF080053D7B8 /* Release */,
			);
			defaultConfigurationIsVisible = 0;
			defaultConfigurationName = Release;
		};
		D4C3B7F01C44DF080053D7B8 /* Build configuration list for PBXNativeTarget "ContactTests" */ = {
			isa = XCConfigurationList;
			buildConfigurations = (
				D4C3B7F11C44DF080053D7B8 /* Debug */,
				D4C3B7F21C44DF080053D7B8 /* Release */,
			);
			defaultConfigurationIsVisible = 0;
			defaultConfigurationName = Release;
		};
		D4C3B7F31C44DF080053D7B8 /* Build configuration list for PBXNativeTarget "ContactUITests" */ = {
			isa = XCConfigurationList;
			buildConfigurations = (
				D4C3B7F41C44DF080053D7B8 /* Debug */,
				D4C3B7F51C44DF080053D7B8 /* Release */,
			);
			defaultConfigurationIsVisible = 0;
			defaultConfigurationName = Release;
		};
/* End XCConfigurationList section */
	};
	rootObject = D4C3B7BD1C44DF080053D7B8 /* Project object */;
}
