// !$*UTF8*$!
{
	archiveVersion = 1;
	classes = {
	};
	objectVersion = 46;
	objects = {

/* Begin PBXBuildFile section */
		D4C3B78C1C44D9460053D7B8 /* AppDelegate.swift in Sources */ = {isa = PBXBuildFile; fileRef = D4C3B78B1C44D9460053D7B8 /* AppDelegate.swift */; };
		D4C3B78E1C44D9460053D7B8 /* ViewController.swift in Sources */ = {isa = PBXBuildFile; fileRef = D4C3B78D1C44D9460053D7B8 /* ViewController.swift */; };
		D4C3B7911C44D9460053D7B8 /* Main.storyboard in Resources */ = {isa = PBXBuildFile; fileRef = D4C3B78F1C44D9460053D7B8 /* Main.storyboard */; };
		D4C3B7931C44D9460053D7B8 /* Assets.xcassets in Resources */ = {isa = PBXBuildFile; fileRef = D4C3B7921C44D9460053D7B8 /* Assets.xcassets */; };
		D4C3B7961C44D9460053D7B8 /* LaunchScreen.storyboard in Resources */ = {isa = PBXBuildFile; fileRef = D4C3B7941C44D9460053D7B8 /* LaunchScreen.storyboard */; };
		D4C3B7A11C44D9460053D7B8 /* ContactsTests.swift in Sources */ = {isa = PBXBuildFile; fileRef = D4C3B7A01C44D9460053D7B8 /* ContactsTests.swift */; };
		D4C3B7AC1C44D9460053D7B8 /* ContactsUITests.swift in Sources */ = {isa = PBXBuildFile; fileRef = D4C3B7AB1C44D9460053D7B8 /* ContactsUITests.swift */; };
/* End PBXBuildFile section */

/* Begin PBXContainerItemProxy section */
		D4C3B79D1C44D9460053D7B8 /* PBXContainerItemProxy */ = {
			isa = PBXContainerItemProxy;
			containerPortal = D4C3B7801C44D9460053D7B8 /* Project object */;
			proxyType = 1;
			remoteGlobalIDString = D4C3B7871C44D9460053D7B8;
			remoteInfo = Contacts;
		};
		D4C3B7A81C44D9460053D7B8 /* PBXContainerItemProxy */ = {
			isa = PBXContainerItemProxy;
			containerPortal = D4C3B7801C44D9460053D7B8 /* Project object */;
			proxyType = 1;
			remoteGlobalIDString = D4C3B7871C44D9460053D7B8;
			remoteInfo = Contacts;
		};
/* End PBXContainerItemProxy section */

/* Begin PBXFileReference section */
		D4C3B7881C44D9460053D7B8 /* Contacts.app */ = {isa = PBXFileReference; explicitFileType = wrapper.application; includeInIndex = 0; path = Contacts.app; sourceTree = BUILT_PRODUCTS_DIR; };
		D4C3B78B1C44D9460053D7B8 /* AppDelegate.swift */ = {isa = PBXFileReference; lastKnownFileType = sourcecode.swift; path = AppDelegate.swift; sourceTree = "<group>"; };
		D4C3B78D1C44D9460053D7B8 /* ViewController.swift */ = {isa = PBXFileReference; lastKnownFileType = sourcecode.swift; path = ViewController.swift; sourceTree = "<group>"; };
		D4C3B7901C44D9460053D7B8 /* Base */ = {isa = PBXFileReference; lastKnownFileType = file.storyboard; name = Base; path = Base.lproj/Main.storyboard; sourceTree = "<group>"; };
		D4C3B7921C44D9460053D7B8 /* Assets.xcassets */ = {isa = PBXFileReference; lastKnownFileType = folder.assetcatalog; path = Assets.xcassets; sourceTree = "<group>"; };
		D4C3B7951C44D9460053D7B8 /* Base */ = {isa = PBXFileReference; lastKnownFileType = file.storyboard; name = Base; path = Base.lproj/LaunchScreen.storyboard; sourceTree = "<group>"; };
		D4C3B7971C44D9460053D7B8 /* Info.plist */ = {isa = PBXFileReference; lastKnownFileType = text.plist.xml; path = Info.plist; sourceTree = "<group>"; };
		D4C3B79C1C44D9460053D7B8 /* ContactsTests.xctest */ = {isa = PBXFileReference; explicitFileType = wrapper.cfbundle; includeInIndex = 0; path = ContactsTests.xctest; sourceTree = BUILT_PRODUCTS_DIR; };
		D4C3B7A01C44D9460053D7B8 /* ContactsTests.swift */ = {isa = PBXFileReference; lastKnownFileType = sourcecode.swift; path = ContactsTests.swift; sourceTree = "<group>"; };
		D4C3B7A21C44D9460053D7B8 /* Info.plist */ = {isa = PBXFileReference; lastKnownFileType = text.plist.xml; path = Info.plist; sourceTree = "<group>"; };
		D4C3B7A71C44D9460053D7B8 /* ContactsUITests.xctest */ = {isa = PBXFileReference; explicitFileType = wrapper.cfbundle; includeInIndex = 0; path = ContactsUITests.xctest; sourceTree = BUILT_PRODUCTS_DIR; };
		D4C3B7AB1C44D9460053D7B8 /* ContactsUITests.swift */ = {isa = PBXFileReference; lastKnownFileType = sourcecode.swift; path = ContactsUITests.swift; sourceTree = "<group>"; };
		D4C3B7AD1C44D9460053D7B8 /* Info.plist */ = {isa = PBXFileReference; lastKnownFileType = text.plist.xml; path = Info.plist; sourceTree = "<group>"; };
/* End PBXFileReference section */

/* Begin PBXFrameworksBuildPhase section */
		D4C3B7851C44D9460053D7B8 /* Frameworks */ = {
			isa = PBXFrameworksBuildPhase;
			buildActionMask = 2147483647;
			files = (
			);
			runOnlyForDeploymentPostprocessing = 0;
		};
		D4C3B7991C44D9460053D7B8 /* Frameworks */ = {
			isa = PBXFrameworksBuildPhase;
			buildActionMask = 2147483647;
			files = (
			);
			runOnlyForDeploymentPostprocessing = 0;
		};
		D4C3B7A41C44D9460053D7B8 /* Frameworks */ = {
			isa = PBXFrameworksBuildPhase;
			buildActionMask = 2147483647;
			files = (
			);
			runOnlyForDeploymentPostprocessing = 0;
		};
/* End PBXFrameworksBuildPhase section */

/* Begin PBXGroup section */
		D4C3B77F1C44D9460053D7B8 = {
			isa = PBXGroup;
			children = (
				D4C3B78A1C44D9460053D7B8 /* Contacts */,
				D4C3B79F1C44D9460053D7B8 /* ContactsTests */,
				D4C3B7AA1C44D9460053D7B8 /* ContactsUITests */,
				D4C3B7891C44D9460053D7B8 /* Products */,
			);
			sourceTree = "<group>";
		};
		D4C3B7891C44D9460053D7B8 /* Products */ = {
			isa = PBXGroup;
			children = (
				D4C3B7881C44D9460053D7B8 /* Contacts.app */,
				D4C3B79C1C44D9460053D7B8 /* ContactsTests.xctest */,
				D4C3B7A71C44D9460053D7B8 /* ContactsUITests.xctest */,
			);
			name = Products;
			sourceTree = "<group>";
		};
		D4C3B78A1C44D9460053D7B8 /* Contacts */ = {
			isa = PBXGroup;
			children = (
				D4C3B78B1C44D9460053D7B8 /* AppDelegate.swift */,
				D4C3B7B91C44D97B0053D7B8 /* Main */,
				D4C3B7BA1C44D9810053D7B8 /* Stoaryboard */,
				D4C3B7BB1C44D9910053D7B8 /* Resources */,
			);
			path = Contacts;
			sourceTree = "<group>";
		};
		D4C3B79F1C44D9460053D7B8 /* ContactsTests */ = {
			isa = PBXGroup;
			children = (
				D4C3B7A01C44D9460053D7B8 /* ContactsTests.swift */,
				D4C3B7A21C44D9460053D7B8 /* Info.plist */,
			);
			path = ContactsTests;
			sourceTree = "<group>";
		};
		D4C3B7AA1C44D9460053D7B8 /* ContactsUITests */ = {
			isa = PBXGroup;
			children = (
				D4C3B7AB1C44D9460053D7B8 /* ContactsUITests.swift */,
				D4C3B7AD1C44D9460053D7B8 /* Info.plist */,
			);
			path = ContactsUITests;
			sourceTree = "<group>";
		};
		D4C3B7B91C44D97B0053D7B8 /* Main */ = {
			isa = PBXGroup;
			children = (
				D4C3B78D1C44D9460053D7B8 /* ViewController.swift */,
			);
			name = Main;
			sourceTree = "<group>";
		};
		D4C3B7BA1C44D9810053D7B8 /* Stoaryboard */ = {
			isa = PBXGroup;
			children = (
				D4C3B78F1C44D9460053D7B8 /* Main.storyboard */,
				D4C3B7941C44D9460053D7B8 /* LaunchScreen.storyboard */,
			);
			name = Stoaryboard;
			sourceTree = "<group>";
		};
		D4C3B7BB1C44D9910053D7B8 /* Resources */ = {
			isa = PBXGroup;
			children = (
				D4C3B7921C44D9460053D7B8 /* Assets.xcassets */,
				D4C3B7971C44D9460053D7B8 /* Info.plist */,
			);
			name = Resources;
			sourceTree = "<group>";
		};
/* End PBXGroup section */

/* Begin PBXNativeTarget section */
		D4C3B7871C44D9460053D7B8 /* Contacts */ = {
			isa = PBXNativeTarget;
			buildConfigurationList = D4C3B7B01C44D9460053D7B8 /* Build configuration list for PBXNativeTarget "Contacts" */;
			buildPhases = (
				D4C3B7841C44D9460053D7B8 /* Sources */,
				D4C3B7851C44D9460053D7B8 /* Frameworks */,
				D4C3B7861C44D9460053D7B8 /* Resources */,
			);
			buildRules = (
			);
			dependencies = (
			);
			name = Contacts;
			productName = Contacts;
			productReference = D4C3B7881C44D9460053D7B8 /* Contacts.app */;
			productType = "com.apple.product-type.application";
		};
		D4C3B79B1C44D9460053D7B8 /* ContactsTests */ = {
			isa = PBXNativeTarget;
			buildConfigurationList = D4C3B7B31C44D9460053D7B8 /* Build configuration list for PBXNativeTarget "ContactsTests" */;
			buildPhases = (
				D4C3B7981C44D9460053D7B8 /* Sources */,
				D4C3B7991C44D9460053D7B8 /* Frameworks */,
				D4C3B79A1C44D9460053D7B8 /* Resources */,
			);
			buildRules = (
			);
			dependencies = (
				D4C3B79E1C44D9460053D7B8 /* PBXTargetDependency */,
			);
			name = ContactsTests;
			productName = ContactsTests;
			productReference = D4C3B79C1C44D9460053D7B8 /* ContactsTests.xctest */;
			productType = "com.apple.product-type.bundle.unit-test";
		};
		D4C3B7A61C44D9460053D7B8 /* ContactsUITests */ = {
			isa = PBXNativeTarget;
			buildConfigurationList = D4C3B7B61C44D9460053D7B8 /* Build configuration list for PBXNativeTarget "ContactsUITests" */;
			buildPhases = (
				D4C3B7A31C44D9460053D7B8 /* Sources */,
				D4C3B7A41C44D9460053D7B8 /* Frameworks */,
				D4C3B7A51C44D9460053D7B8 /* Resources */,
			);
			buildRules = (
			);
			dependencies = (
				D4C3B7A91C44D9460053D7B8 /* PBXTargetDependency */,
			);
			name = ContactsUITests;
			productName = ContactsUITests;
			productReference = D4C3B7A71C44D9460053D7B8 /* ContactsUITests.xctest */;
			productType = "com.apple.product-type.bundle.ui-testing";
		};
/* End PBXNativeTarget section */

/* Begin PBXProject section */
		D4C3B7801C44D9460053D7B8 /* Project object */ = {
			isa = PBXProject;
			attributes = {
				LastSwiftUpdateCheck = 0720;
				LastUpgradeCheck = 0720;
				ORGANIZATIONNAME = "阳君";
				TargetAttributes = {
					D4C3B7871C44D9460053D7B8 = {
						CreatedOnToolsVersion = 7.2;
					};
					D4C3B79B1C44D9460053D7B8 = {
						CreatedOnToolsVersion = 7.2;
						TestTargetID = D4C3B7871C44D9460053D7B8;
					};
					D4C3B7A61C44D9460053D7B8 = {
						CreatedOnToolsVersion = 7.2;
						TestTargetID = D4C3B7871C44D9460053D7B8;
					};
				};
			};
			buildConfigurationList = D4C3B7831C44D9460053D7B8 /* Build configuration list for PBXProject "Contacts" */;
			compatibilityVersion = "Xcode 3.2";
			developmentRegion = English;
			hasScannedForEncodings = 0;
			knownRegions = (
				en,
				Base,
			);
			mainGroup = D4C3B77F1C44D9460053D7B8;
			productRefGroup = D4C3B7891C44D9460053D7B8 /* Products */;
			projectDirPath = "";
			projectRoot = "";
			targets = (
				D4C3B7871C44D9460053D7B8 /* Contacts */,
				D4C3B79B1C44D9460053D7B8 /* ContactsTests */,
				D4C3B7A61C44D9460053D7B8 /* ContactsUITests */,
			);
		};
/* End PBXProject section */

/* Begin PBXResourcesBuildPhase section */
		D4C3B7861C44D9460053D7B8 /* Resources */ = {
			isa = PBXResourcesBuildPhase;
			buildActionMask = 2147483647;
			files = (
				D4C3B7961C44D9460053D7B8 /* LaunchScreen.storyboard in Resources */,
				D4C3B7931C44D9460053D7B8 /* Assets.xcassets in Resources */,
				D4C3B7911C44D9460053D7B8 /* Main.storyboard in Resources */,
			);
			runOnlyForDeploymentPostprocessing = 0;
		};
		D4C3B79A1C44D9460053D7B8 /* Resources */ = {
			isa = PBXResourcesBuildPhase;
			buildActionMask = 2147483647;
			files = (
			);
			runOnlyForDeploymentPostprocessing = 0;
		};
		D4C3B7A51C44D9460053D7B8 /* Resources */ = {
			isa = PBXResourcesBuildPhase;
			buildActionMask = 2147483647;
			files = (
			);
			runOnlyForDeploymentPostprocessing = 0;
		};
/* End PBXResourcesBuildPhase section */

/* Begin PBXSourcesBuildPhase section */
		D4C3B7841C44D9460053D7B8 /* Sources */ = {
			isa = PBXSourcesBuildPhase;
			buildActionMask = 2147483647;
			files = (
				D4C3B78E1C44D9460053D7B8 /* ViewController.swift in Sources */,
				D4C3B78C1C44D9460053D7B8 /* AppDelegate.swift in Sources */,
			);
			runOnlyForDeploymentPostprocessing = 0;
		};
		D4C3B7981C44D9460053D7B8 /* Sources */ = {
			isa = PBXSourcesBuildPhase;
			buildActionMask = 2147483647;
			files = (
				D4C3B7A11C44D9460053D7B8 /* ContactsTests.swift in Sources */,
			);
			runOnlyForDeploymentPostprocessing = 0;
		};
		D4C3B7A31C44D9460053D7B8 /* Sources */ = {
			isa = PBXSourcesBuildPhase;
			buildActionMask = 2147483647;
			files = (
				D4C3B7AC1C44D9460053D7B8 /* ContactsUITests.swift in Sources */,
			);
			runOnlyForDeploymentPostprocessing = 0;
		};
/* End PBXSourcesBuildPhase section */

/* Begin PBXTargetDependency section */
		D4C3B79E1C44D9460053D7B8 /* PBXTargetDependency */ = {
			isa = PBXTargetDependency;
			target = D4C3B7871C44D9460053D7B8 /* Contacts */;
			targetProxy = D4C3B79D1C44D9460053D7B8 /* PBXContainerItemProxy */;
		};
		D4C3B7A91C44D9460053D7B8 /* PBXTargetDependency */ = {
			isa = PBXTargetDependency;
			target = D4C3B7871C44D9460053D7B8 /* Contacts */;
			targetProxy = D4C3B7A81C44D9460053D7B8 /* PBXContainerItemProxy */;
		};
/* End PBXTargetDependency section */

/* Begin PBXVariantGroup section */
		D4C3B78F1C44D9460053D7B8 /* Main.storyboard */ = {
			isa = PBXVariantGroup;
			children = (
				D4C3B7901C44D9460053D7B8 /* Base */,
			);
			name = Main.storyboard;
			sourceTree = "<group>";
		};
		D4C3B7941C44D9460053D7B8 /* LaunchScreen.storyboard */ = {
			isa = PBXVariantGroup;
			children = (
				D4C3B7951C44D9460053D7B8 /* Base */,
			);
			name = LaunchScreen.storyboard;
			sourceTree = "<group>";
		};
/* End PBXVariantGroup section */

/* Begin XCBuildConfiguration section */
		D4C3B7AE1C44D9460053D7B8 /* Debug */ = {
			isa = XCBuildConfiguration;
			buildSettings = {
				ALWAYS_SEARCH_USER_PATHS = NO;
				CLANG_CXX_LANGUAGE_STANDARD = "gnu++0x";
				CLANG_CXX_LIBRARY = "libc++";
				CLANG_ENABLE_MODULES = YES;
				CLANG_ENABLE_OBJC_ARC = YES;
				CLANG_WARN_BOOL_CONVERSION = YES;
				CLANG_WARN_CONSTANT_CONVERSION = YES;
				CLANG_WARN_DIRECT_OBJC_ISA_USAGE = YES_ERROR;
				CLANG_WARN_EMPTY_BODY = YES;
				CLANG_WARN_ENUM_CONVERSION = YES;
				CLANG_WARN_INT_CONVERSION = YES;
				CLANG_WARN_OBJC_ROOT_CLASS = YES_ERROR;
				CLANG_WARN_UNREACHABLE_CODE = YES;
				CLANG_WARN__DUPLICATE_METHOD_MATCH = YES;
				"CODE_SIGN_IDENTITY[sdk=iphoneos*]" = "iPhone Developer";
				COPY_PHASE_STRIP = NO;
				DEBUG_INFORMATION_FORMAT = dwarf;
				ENABLE_STRICT_OBJC_MSGSEND = YES;
				ENABLE_TESTABILITY = YES;
				GCC_C_LANGUAGE_STANDARD = gnu99;
				GCC_DYNAMIC_NO_PIC = NO;
				GCC_NO_COMMON_BLOCKS = YES;
				GCC_OPTIMIZATION_LEVEL = 0;
				GCC_PREPROCESSOR_DEFINITIONS = (
					"DEBUG=1",
					"$(inherited)",
				);
				GCC_WARN_64_TO_32_BIT_CONVERSION = YES;
				GCC_WARN_ABOUT_RETURN_TYPE = YES_ERROR;
				GCC_WARN_UNDECLARED_SELECTOR = YES;
				GCC_WARN_UNINITIALIZED_AUTOS = YES_AGGRESSIVE;
				GCC_WARN_UNUSED_FUNCTION = YES;
				GCC_WARN_UNUSED_VARIABLE = YES;
				IPHONEOS_DEPLOYMENT_TARGET = 9.2;
				MTL_ENABLE_DEBUG_INFO = YES;
				ONLY_ACTIVE_ARCH = YES;
				SDKROOT = iphoneos;
				SWIFT_OPTIMIZATION_LEVEL = "-Onone";
				TARGETED_DEVICE_FAMILY = "1,2";
			};
			name = Debug;
		};
		D4C3B7AF1C44D9460053D7B8 /* Release */ = {
			isa = XCBuildConfiguration;
			buildSettings = {
				ALWAYS_SEARCH_USER_PATHS = NO;
				CLANG_CXX_LANGUAGE_STANDARD = "gnu++0x";
				CLANG_CXX_LIBRARY = "libc++";
				CLANG_ENABLE_MODULES = YES;
				CLANG_ENABLE_OBJC_ARC = YES;
				CLANG_WARN_BOOL_CONVERSION = YES;
				CLANG_WARN_CONSTANT_CONVERSION = YES;
				CLANG_WARN_DIRECT_OBJC_ISA_USAGE = YES_ERROR;
				CLANG_WARN_EMPTY_BODY = YES;
				CLANG_WARN_ENUM_CONVERSION = YES;
				CLANG_WARN_INT_CONVERSION = YES;
				CLANG_WARN_OBJC_ROOT_CLASS = YES_ERROR;
				CLANG_WARN_UNREACHABLE_CODE = YES;
				CLANG_WARN__DUPLICATE_METHOD_MATCH = YES;
				"CODE_SIGN_IDENTITY[sdk=iphoneos*]" = "iPhone Developer";
				COPY_PHASE_STRIP = NO;
				DEBUG_INFORMATION_FORMAT = "dwarf-with-dsym";
				ENABLE_NS_ASSERTIONS = NO;
				ENABLE_STRICT_OBJC_MSGSEND = YES;
				GCC_C_LANGUAGE_STANDARD = gnu99;
				GCC_NO_COMMON_BLOCKS = YES;
				GCC_WARN_64_TO_32_BIT_CONVERSION = YES;
				GCC_WARN_ABOUT_RETURN_TYPE = YES_ERROR;
				GCC_WARN_UNDECLARED_SELECTOR = YES;
				GCC_WARN_UNINITIALIZED_AUTOS = YES_AGGRESSIVE;
				GCC_WARN_UNUSED_FUNCTION = YES;
				GCC_WARN_UNUSED_VARIABLE = YES;
				IPHONEOS_DEPLOYMENT_TARGET = 9.2;
				MTL_ENABLE_DEBUG_INFO = NO;
				SDKROOT = iphoneos;
				TARGETED_DEVICE_FAMILY = "1,2";
				VALIDATE_PRODUCT = YES;
			};
			name = Release;
		};
		D4C3B7B11C44D9460053D7B8 /* Debug */ = {
			isa = XCBuildConfiguration;
			buildSettings = {
				ASSETCATALOG_COMPILER_APPICON_NAME = AppIcon;
				INFOPLIST_FILE = Contacts/Info.plist;
				LD_RUNPATH_SEARCH_PATHS = "$(inherited) @executable_path/Frameworks";
				PRODUCT_BUNDLE_IDENTIFIER = com.Contacts;
				PRODUCT_NAME = "$(TARGET_NAME)";
			};
			name = Debug;
		};
		D4C3B7B21C44D9460053D7B8 /* Release */ = {
			isa = XCBuildConfiguration;
			buildSettings = {
				ASSETCATALOG_COMPILER_APPICON_NAME = AppIcon;
				INFOPLIST_FILE = Contacts/Info.plist;
				LD_RUNPATH_SEARCH_PATHS = "$(inherited) @executable_path/Frameworks";
				PRODUCT_BUNDLE_IDENTIFIER = com.Contacts;
				PRODUCT_NAME = "$(TARGET_NAME)";
			};
			name = Release;
		};
		D4C3B7B41C44D9460053D7B8 /* Debug */ = {
			isa = XCBuildConfiguration;
			buildSettings = {
				BUNDLE_LOADER = "$(TEST_HOST)";
				INFOPLIST_FILE = ContactsTests/Info.plist;
				LD_RUNPATH_SEARCH_PATHS = "$(inherited) @executable_path/Frameworks @loader_path/Frameworks";
				PRODUCT_BUNDLE_IDENTIFIER = com.ContactsTests;
				PRODUCT_NAME = "$(TARGET_NAME)";
				TEST_HOST = "$(BUILT_PRODUCTS_DIR)/Contacts.app/Contacts";
			};
			name = Debug;
		};
		D4C3B7B51C44D9460053D7B8 /* Release */ = {
			isa = XCBuildConfiguration;
			buildSettings = {
				BUNDLE_LOADER = "$(TEST_HOST)";
				INFOPLIST_FILE = ContactsTests/Info.plist;
				LD_RUNPATH_SEARCH_PATHS = "$(inherited) @executable_path/Frameworks @loader_path/Frameworks";
				PRODUCT_BUNDLE_IDENTIFIER = com.ContactsTests;
				PRODUCT_NAME = "$(TARGET_NAME)";
				TEST_HOST = "$(BUILT_PRODUCTS_DIR)/Contacts.app/Contacts";
			};
			name = Release;
		};
		D4C3B7B71C44D9460053D7B8 /* Debug */ = {
			isa = XCBuildConfiguration;
			buildSettings = {
				INFOPLIST_FILE = ContactsUITests/Info.plist;
				LD_RUNPATH_SEARCH_PATHS = "$(inherited) @executable_path/Frameworks @loader_path/Frameworks";
				PRODUCT_BUNDLE_IDENTIFIER = com.ContactsUITests;
				PRODUCT_NAME = "$(TARGET_NAME)";
				TEST_TARGET_NAME = Contacts;
				USES_XCTRUNNER = YES;
			};
			name = Debug;
		};
		D4C3B7B81C44D9460053D7B8 /* Release */ = {
			isa = XCBuildConfiguration;
			buildSettings = {
				INFOPLIST_FILE = ContactsUITests/Info.plist;
				LD_RUNPATH_SEARCH_PATHS = "$(inherited) @executable_path/Frameworks @loader_path/Frameworks";
				PRODUCT_BUNDLE_IDENTIFIER = com.ContactsUITests;
				PRODUCT_NAME = "$(TARGET_NAME)";
				TEST_TARGET_NAME = Contacts;
				USES_XCTRUNNER = YES;
			};
			name = Release;
		};
/* End XCBuildConfiguration section */

/* Begin XCConfigurationList section */
		D4C3B7831C44D9460053D7B8 /* Build configuration list for PBXProject "Contacts" */ = {
			isa = XCConfigurationList;
			buildConfigurations = (
				D4C3B7AE1C44D9460053D7B8 /* Debug */,
				D4C3B7AF1C44D9460053D7B8 /* Release */,
			);
			defaultConfigurationIsVisible = 0;
			defaultConfigurationName = Release;
		};
		D4C3B7B01C44D9460053D7B8 /* Build configuration list for PBXNativeTarget "Contacts" */ = {
			isa = XCConfigurationList;
			buildConfigurations = (
				D4C3B7B11C44D9460053D7B8 /* Debug */,
				D4C3B7B21C44D9460053D7B8 /* Release */,
			);
			defaultConfigurationIsVisible = 0;
		};
		D4C3B7B31C44D9460053D7B8 /* Build configuration list for PBXNativeTarget "ContactsTests" */ = {
			isa = XCConfigurationList;
			buildConfigurations = (
				D4C3B7B41C44D9460053D7B8 /* Debug */,
				D4C3B7B51C44D9460053D7B8 /* Release */,
			);
			defaultConfigurationIsVisible = 0;
		};
		D4C3B7B61C44D9460053D7B8 /* Build configuration list for PBXNativeTarget "ContactsUITests" */ = {
			isa = XCConfigurationList;
			buildConfigurations = (
				D4C3B7B71C44D9460053D7B8 /* Debug */,
				D4C3B7B81C44D9460053D7B8 /* Release */,
			);
			defaultConfigurationIsVisible = 0;
		};
/* End XCConfigurationList section */
	};
	rootObject = D4C3B7801C44D9460053D7B8 /* Project object */;
}
