// !$*UTF8*$!
{
	archiveVersion = 1;
	classes = {
	};
	objectVersion = 46;
	objects = {

/* Begin PBXBuildFile section */
		842D9B9B1DCF0FC900903E83 /* YJURLProtocol.swift in Sources */ = {isa = PBXBuildFile; fileRef = 842D9B9A1DCF0FC900903E83 /* YJURLProtocol.swift */; };
		847758E21DCF0EAC00EAB1D5 /* AppDelegate.swift in Sources */ = {isa = PBXBuildFile; fileRef = 847758E11DCF0EAC00EAB1D5 /* AppDelegate.swift */; };
		847758E41DCF0EAC00EAB1D5 /* ViewController.swift in Sources */ = {isa = PBXBuildFile; fileRef = 847758E31DCF0EAC00EAB1D5 /* ViewController.swift */; };
		847758E71DCF0EAC00EAB1D5 /* Main.storyboard in Resources */ = {isa = PBXBuildFile; fileRef = 847758E51DCF0EAC00EAB1D5 /* Main.storyboard */; };
		847758E91DCF0EAC00EAB1D5 /* Assets.xcassets in Resources */ = {isa = PBXBuildFile; fileRef = 847758E81DCF0EAC00EAB1D5 /* Assets.xcassets */; };
		847758EC1DCF0EAC00EAB1D5 /* LaunchScreen.storyboard in Resources */ = {isa = PBXBuildFile; fileRef = 847758EA1DCF0EAC00EAB1D5 /* LaunchScreen.storyboard */; };
/* End PBXBuildFile section */

/* Begin PBXFileReference section */
		842D9B9A1DCF0FC900903E83 /* YJURLProtocol.swift */ = {isa = PBXFileReference; fileEncoding = 4; lastKnownFileType = sourcecode.swift; path = YJURLProtocol.swift; sourceTree = "<group>"; };
		847758DE1DCF0EAC00EAB1D5 /* YJURLIntercept.app */ = {isa = PBXFileReference; explicitFileType = wrapper.application; includeInIndex = 0; path = YJURLIntercept.app; sourceTree = BUILT_PRODUCTS_DIR; };
		847758E11DCF0EAC00EAB1D5 /* AppDelegate.swift */ = {isa = PBXFileReference; lastKnownFileType = sourcecode.swift; path = AppDelegate.swift; sourceTree = "<group>"; };
		847758E31DCF0EAC00EAB1D5 /* ViewController.swift */ = {isa = PBXFileReference; lastKnownFileType = sourcecode.swift; path = ViewController.swift; sourceTree = "<group>"; };
		847758E61DCF0EAC00EAB1D5 /* Base */ = {isa = PBXFileReference; lastKnownFileType = file.storyboard; name = Base; path = Base.lproj/Main.storyboard; sourceTree = "<group>"; };
		847758E81DCF0EAC00EAB1D5 /* Assets.xcassets */ = {isa = PBXFileReference; lastKnownFileType = folder.assetcatalog; path = Assets.xcassets; sourceTree = "<group>"; };
		847758EB1DCF0EAC00EAB1D5 /* Base */ = {isa = PBXFileReference; lastKnownFileType = file.storyboard; name = Base; path = Base.lproj/LaunchScreen.storyboard; sourceTree = "<group>"; };
		847758ED1DCF0EAC00EAB1D5 /* Info.plist */ = {isa = PBXFileReference; lastKnownFileType = text.plist.xml; path = Info.plist; sourceTree = "<group>"; };
/* End PBXFileReference section */

/* Begin PBXFrameworksBuildPhase section */
		847758DB1DCF0EAC00EAB1D5 /* Frameworks */ = {
			isa = PBXFrameworksBuildPhase;
			buildActionMask = 2147483647;
			files = (
			);
			runOnlyForDeploymentPostprocessing = 0;
		};
/* End PBXFrameworksBuildPhase section */

/* Begin PBXGroup section */
		842D9B9C1DCF0FD600903E83 /* Resources */ = {
			isa = PBXGroup;
			children = (
				847758E81DCF0EAC00EAB1D5 /* Assets.xcassets */,
				847758EA1DCF0EAC00EAB1D5 /* LaunchScreen.storyboard */,
				847758E51DCF0EAC00EAB1D5 /* Main.storyboard */,
			);
			name = Resources;
			sourceTree = "<group>";
		};
		842D9B9D1DCF0FF100903E83 /* Supporting Files */ = {
			isa = PBXGroup;
			children = (
				847758ED1DCF0EAC00EAB1D5 /* Info.plist */,
			);
			name = "Supporting Files";
			sourceTree = "<group>";
		};
		847758D51DCF0EAB00EAB1D5 = {
			isa = PBXGroup;
			children = (
				847758E01DCF0EAC00EAB1D5 /* YJURLIntercept */,
				847758DF1DCF0EAC00EAB1D5 /* Products */,
			);
			sourceTree = "<group>";
		};
		847758DF1DCF0EAC00EAB1D5 /* Products */ = {
			isa = PBXGroup;
			children = (
				847758DE1DCF0EAC00EAB1D5 /* YJURLIntercept.app */,
			);
			name = Products;
			sourceTree = "<group>";
		};
		847758E01DCF0EAC00EAB1D5 /* YJURLIntercept */ = {
			isa = PBXGroup;
			children = (
				847758E11DCF0EAC00EAB1D5 /* AppDelegate.swift */,
				847758E31DCF0EAC00EAB1D5 /* ViewController.swift */,
				842D9B9A1DCF0FC900903E83 /* YJURLProtocol.swift */,
				842D9B9C1DCF0FD600903E83 /* Resources */,
				842D9B9D1DCF0FF100903E83 /* Supporting Files */,
			);
			path = YJURLIntercept;
			sourceTree = "<group>";
		};
/* End PBXGroup section */

/* Begin PBXNativeTarget section */
		847758DD1DCF0EAC00EAB1D5 /* YJURLIntercept */ = {
			isa = PBXNativeTarget;
			buildConfigurationList = 847758F01DCF0EAC00EAB1D5 /* Build configuration list for PBXNativeTarget "YJURLIntercept" */;
			buildPhases = (
				847758DA1DCF0EAC00EAB1D5 /* Sources */,
				847758DB1DCF0EAC00EAB1D5 /* Frameworks */,
				847758DC1DCF0EAC00EAB1D5 /* Resources */,
			);
			buildRules = (
			);
			dependencies = (
			);
			name = YJURLIntercept;
			productName = YJURLIntercept;
			productReference = 847758DE1DCF0EAC00EAB1D5 /* YJURLIntercept.app */;
			productType = "com.apple.product-type.application";
		};
/* End PBXNativeTarget section */

/* Begin PBXProject section */
		847758D61DCF0EAB00EAB1D5 /* Project object */ = {
			isa = PBXProject;
			attributes = {
				LastSwiftUpdateCheck = 0810;
				LastUpgradeCheck = 0810;
				ORGANIZATIONNAME = YJCocoa;
				TargetAttributes = {
					847758DD1DCF0EAC00EAB1D5 = {
						CreatedOnToolsVersion = 8.1;
						ProvisioningStyle = Automatic;
					};
				};
			};
			buildConfigurationList = 847758D91DCF0EAB00EAB1D5 /* Build configuration list for PBXProject "YJURLIntercept" */;
			compatibilityVersion = "Xcode 3.2";
			developmentRegion = English;
			hasScannedForEncodings = 0;
			knownRegions = (
				en,
				Base,
			);
			mainGroup = 847758D51DCF0EAB00EAB1D5;
			productRefGroup = 847758DF1DCF0EAC00EAB1D5 /* Products */;
			projectDirPath = "";
			projectRoot = "";
			targets = (
				847758DD1DCF0EAC00EAB1D5 /* YJURLIntercept */,
			);
		};
/* End PBXProject section */

/* Begin PBXResourcesBuildPhase section */
		847758DC1DCF0EAC00EAB1D5 /* Resources */ = {
			isa = PBXResourcesBuildPhase;
			buildActionMask = 2147483647;
			files = (
				847758EC1DCF0EAC00EAB1D5 /* LaunchScreen.storyboard in Resources */,
				847758E91DCF0EAC00EAB1D5 /* Assets.xcassets in Resources */,
				847758E71DCF0EAC00EAB1D5 /* Main.storyboard in Resources */,
			);
			runOnlyForDeploymentPostprocessing = 0;
		};
/* End PBXResourcesBuildPhase section */

/* Begin PBXSourcesBuildPhase section */
		847758DA1DCF0EAC00EAB1D5 /* Sources */ = {
			isa = PBXSourcesBuildPhase;
			buildActionMask = 2147483647;
			files = (
				847758E41DCF0EAC00EAB1D5 /* ViewController.swift in Sources */,
				847758E21DCF0EAC00EAB1D5 /* AppDelegate.swift in Sources */,
				842D9B9B1DCF0FC900903E83 /* YJURLProtocol.swift in Sources */,
			);
			runOnlyForDeploymentPostprocessing = 0;
		};
/* End PBXSourcesBuildPhase section */

/* Begin PBXVariantGroup section */
		847758E51DCF0EAC00EAB1D5 /* Main.storyboard */ = {
			isa = PBXVariantGroup;
			children = (
				847758E61DCF0EAC00EAB1D5 /* Base */,
			);
			name = Main.storyboard;
			sourceTree = "<group>";
		};
		847758EA1DCF0EAC00EAB1D5 /* LaunchScreen.storyboard */ = {
			isa = PBXVariantGroup;
			children = (
				847758EB1DCF0EAC00EAB1D5 /* Base */,
			);
			name = LaunchScreen.storyboard;
			sourceTree = "<group>";
		};
/* End PBXVariantGroup section */

/* Begin XCBuildConfiguration section */
		847758EE1DCF0EAC00EAB1D5 /* Debug */ = {
			isa = XCBuildConfiguration;
			buildSettings = {
				ALWAYS_SEARCH_USER_PATHS = NO;
				CLANG_ANALYZER_NONNULL = YES;
				CLANG_CXX_LANGUAGE_STANDARD = "gnu++0x";
				CLANG_CXX_LIBRARY = "libc++";
				CLANG_ENABLE_MODULES = YES;
				CLANG_ENABLE_OBJC_ARC = YES;
				CLANG_WARN_BOOL_CONVERSION = YES;
				CLANG_WARN_CONSTANT_CONVERSION = YES;
				CLANG_WARN_DIRECT_OBJC_ISA_USAGE = YES_ERROR;
				CLANG_WARN_DOCUMENTATION_COMMENTS = YES;
				CLANG_WARN_EMPTY_BODY = YES;
				CLANG_WARN_ENUM_CONVERSION = YES;
				CLANG_WARN_INFINITE_RECURSION = YES;
				CLANG_WARN_INT_CONVERSION = YES;
				CLANG_WARN_OBJC_ROOT_CLASS = YES_ERROR;
				CLANG_WARN_SUSPICIOUS_MOVES = YES;
				CLANG_WARN_UNREACHABLE_CODE = YES;
				CLANG_WARN__DUPLICATE_METHOD_MATCH = YES;
				"CODE_SIGN_IDENTITY[sdk=iphoneos*]" = "iPhone Developer";
				COPY_PHASE_STRIP = NO;
				DEBUG_INFORMATION_FORMAT = dwarf;
				ENABLE_STRICT_OBJC_MSGSEND = YES;
				ENABLE_TESTABILITY = YES;
				GCC_C_LANGUAGE_STANDARD = gnu99;
				GCC_DYNAMIC_NO_PIC = NO;
				GCC_NO_COMMON_BLOCKS = YES;
				GCC_OPTIMIZATION_LEVEL = 0;
				GCC_PREPROCESSOR_DEFINITIONS = (
					"DEBUG=1",
					"$(inherited)",
				);
				GCC_WARN_64_TO_32_BIT_CONVERSION = YES;
				GCC_WARN_ABOUT_RETURN_TYPE = YES_ERROR;
				GCC_WARN_UNDECLARED_SELECTOR = YES;
				GCC_WARN_UNINITIALIZED_AUTOS = YES_AGGRESSIVE;
				GCC_WARN_UNUSED_FUNCTION = YES;
				GCC_WARN_UNUSED_VARIABLE = YES;
				IPHONEOS_DEPLOYMENT_TARGET = 10.1;
				MTL_ENABLE_DEBUG_INFO = YES;
				ONLY_ACTIVE_ARCH = YES;
				SDKROOT = iphoneos;
				SWIFT_ACTIVE_COMPILATION_CONDITIONS = DEBUG;
				SWIFT_OPTIMIZATION_LEVEL = "-Onone";
				TARGETED_DEVICE_FAMILY = "1,2";
			};
			name = Debug;
		};
		847758EF1DCF0EAC00EAB1D5 /* Release */ = {
			isa = XCBuildConfiguration;
			buildSettings = {
				ALWAYS_SEARCH_USER_PATHS = NO;
				CLANG_ANALYZER_NONNULL = YES;
				CLANG_CXX_LANGUAGE_STANDARD = "gnu++0x";
				CLANG_CXX_LIBRARY = "libc++";
				CLANG_ENABLE_MODULES = YES;
				CLANG_ENABLE_OBJC_ARC = YES;
				CLANG_WARN_BOOL_CONVERSION = YES;
				CLANG_WARN_CONSTANT_CONVERSION = YES;
				CLANG_WARN_DIRECT_OBJC_ISA_USAGE = YES_ERROR;
				CLANG_WARN_DOCUMENTATION_COMMENTS = YES;
				CLANG_WARN_EMPTY_BODY = YES;
				CLANG_WARN_ENUM_CONVERSION = YES;
				CLANG_WARN_INFINITE_RECURSION = YES;
				CLANG_WARN_INT_CONVERSION = YES;
				CLANG_WARN_OBJC_ROOT_CLASS = YES_ERROR;
				CLANG_WARN_SUSPICIOUS_MOVES = YES;
				CLANG_WARN_UNREACHABLE_CODE = YES;
				CLANG_WARN__DUPLICATE_METHOD_MATCH = YES;
				"CODE_SIGN_IDENTITY[sdk=iphoneos*]" = "iPhone Developer";
				COPY_PHASE_STRIP = NO;
				DEBUG_INFORMATION_FORMAT = "dwarf-with-dsym";
				ENABLE_NS_ASSERTIONS = NO;
				ENABLE_STRICT_OBJC_MSGSEND = YES;
				GCC_C_LANGUAGE_STANDARD = gnu99;
				GCC_NO_COMMON_BLOCKS = YES;
				GCC_WARN_64_TO_32_BIT_CONVERSION = YES;
				GCC_WARN_ABOUT_RETURN_TYPE = YES_ERROR;
				GCC_WARN_UNDECLARED_SELECTOR = YES;
				GCC_WARN_UNINITIALIZED_AUTOS = YES_AGGRESSIVE;
				GCC_WARN_UNUSED_FUNCTION = YES;
				GCC_WARN_UNUSED_VARIABLE = YES;
				IPHONEOS_DEPLOYMENT_TARGET = 10.1;
				MTL_ENABLE_DEBUG_INFO = NO;
				SDKROOT = iphoneos;
				SWIFT_OPTIMIZATION_LEVEL = "-Owholemodule";
				TARGETED_DEVICE_FAMILY = "1,2";
				VALIDATE_PRODUCT = YES;
			};
			name = Release;
		};
		847758F11DCF0EAC00EAB1D5 /* Debug */ = {
			isa = XCBuildConfiguration;
			buildSettings = {
				ASSETCATALOG_COMPILER_APPICON_NAME = AppIcon;
				INFOPLIST_FILE = YJURLIntercept/Info.plist;
				LD_RUNPATH_SEARCH_PATHS = "$(inherited) @executable_path/Frameworks";
				PRODUCT_BUNDLE_IDENTIFIER = com.YJCocoa.YJURLIntercept;
				PRODUCT_NAME = "$(TARGET_NAME)";
				SWIFT_VERSION = 3.0;
			};
			name = Debug;
		};
		847758F21DCF0EAC00EAB1D5 /* Release */ = {
			isa = XCBuildConfiguration;
			buildSettings = {
				ASSETCATALOG_COMPILER_APPICON_NAME = AppIcon;
				INFOPLIST_FILE = YJURLIntercept/Info.plist;
				LD_RUNPATH_SEARCH_PATHS = "$(inherited) @executable_path/Frameworks";
				PRODUCT_BUNDLE_IDENTIFIER = com.YJCocoa.YJURLIntercept;
				PRODUCT_NAME = "$(TARGET_NAME)";
				SWIFT_VERSION = 3.0;
			};
			name = Release;
		};
/* End XCBuildConfiguration section */

/* Begin XCConfigurationList section */
		847758D91DCF0EAB00EAB1D5 /* Build configuration list for PBXProject "YJURLIntercept" */ = {
			isa = XCConfigurationList;
			buildConfigurations = (
				847758EE1DCF0EAC00EAB1D5 /* Debug */,
				847758EF1DCF0EAC00EAB1D5 /* Release */,
			);
			defaultConfigurationIsVisible = 0;
			defaultConfigurationName = Release;
		};
		847758F01DCF0EAC00EAB1D5 /* Build configuration list for PBXNativeTarget "YJURLIntercept" */ = {
			isa = XCConfigurationList;
			buildConfigurations = (
				847758F11DCF0EAC00EAB1D5 /* Debug */,
				847758F21DCF0EAC00EAB1D5 /* Release */,
			);
			defaultConfigurationIsVisible = 0;
			defaultConfigurationName = Release;
		};
/* End XCConfigurationList section */
	};
	rootObject = 847758D61DCF0EAB00EAB1D5 /* Project object */;
}
