// !$*UTF8*$!
{
	archiveVersion = 1;
	classes = {
	};
	objectVersion = 46;
	objects = {

/* Begin PBXBuildFile section */
		D490AFF11C438FA300BFE7F0 /* main.swift in Sources */ = {isa = PBXBuildFile; fileRef = D490AFF01C438FA300BFE7F0 /* main.swift */; };
		D490AFF91C43904500BFE7F0 /* YJUser.swift in Sources */ = {isa = PBXBuildFile; fileRef = D490AFF81C43904500BFE7F0 /* YJUser.swift */; };
/* End PBXBuildFile section */

/* Begin PBXCopyFilesBuildPhase section */
		D490AFEB1C438FA300BFE7F0 /* CopyFiles */ = {
			isa = PBXCopyFilesBuildPhase;
			buildActionMask = 2147483647;
			dstPath = /usr/share/man/man1/;
			dstSubfolderSpec = 0;
			files = (
			);
			runOnlyForDeploymentPostprocessing = 1;
		};
/* End PBXCopyFilesBuildPhase section */

/* Begin PBXFileReference section */
		D490AFED1C438FA300BFE7F0 /* Runtime */ = {isa = PBXFileReference; explicitFileType = "compiled.mach-o.executable"; includeInIndex = 0; path = Runtime; sourceTree = BUILT_PRODUCTS_DIR; };
		D490AFF01C438FA300BFE7F0 /* main.swift */ = {isa = PBXFileReference; lastKnownFileType = sourcecode.swift; path = main.swift; sourceTree = "<group>"; };
		D490AFF81C43904500BFE7F0 /* YJUser.swift */ = {isa = PBXFileReference; fileEncoding = 4; lastKnownFileType = sourcecode.swift; path = YJUser.swift; sourceTree = "<group>"; };
/* End PBXFileReference section */

/* Begin PBXFrameworksBuildPhase section */
		D490AFEA1C438FA300BFE7F0 /* Frameworks */ = {
			isa = PBXFrameworksBuildPhase;
			buildActionMask = 2147483647;
			files = (
			);
			runOnlyForDeploymentPostprocessing = 0;
		};
/* End PBXFrameworksBuildPhase section */

/* Begin PBXGroup section */
		D490AFE41C438FA300BFE7F0 = {
			isa = PBXGroup;
			children = (
				D490AFEF1C438FA300BFE7F0 /* Runtime */,
				D490AFEE1C438FA300BFE7F0 /* Products */,
			);
			sourceTree = "<group>";
		};
		D490AFEE1C438FA300BFE7F0 /* Products */ = {
			isa = PBXGroup;
			children = (
				D490AFED1C438FA300BFE7F0 /* Runtime */,
			);
			name = Products;
			sourceTree = "<group>";
		};
		D490AFEF1C438FA300BFE7F0 /* Runtime */ = {
			isa = PBXGroup;
			children = (
				D490AFF71C43902800BFE7F0 /* Model */,
				D490AFF01C438FA300BFE7F0 /* main.swift */,
			);
			path = Runtime;
			sourceTree = "<group>";
		};
		D490AFF71C43902800BFE7F0 /* Model */ = {
			isa = PBXGroup;
			children = (
				D490AFF81C43904500BFE7F0 /* YJUser.swift */,
			);
			name = Model;
			sourceTree = "<group>";
		};
/* End PBXGroup section */

/* Begin PBXNativeTarget section */
		D490AFEC1C438FA300BFE7F0 /* Runtime */ = {
			isa = PBXNativeTarget;
			buildConfigurationList = D490AFF41C438FA300BFE7F0 /* Build configuration list for PBXNativeTarget "Runtime" */;
			buildPhases = (
				D490AFE91C438FA300BFE7F0 /* Sources */,
				D490AFEA1C438FA300BFE7F0 /* Frameworks */,
				D490AFEB1C438FA300BFE7F0 /* CopyFiles */,
			);
			buildRules = (
			);
			dependencies = (
			);
			name = Runtime;
			productName = Runtime;
			productReference = D490AFED1C438FA300BFE7F0 /* Runtime */;
			productType = "com.apple.product-type.tool";
		};
/* End PBXNativeTarget section */

/* Begin PBXProject section */
		D490AFE51C438FA300BFE7F0 /* Project object */ = {
			isa = PBXProject;
			attributes = {
				LastSwiftUpdateCheck = 0720;
				LastUpgradeCheck = 0830;
				ORGANIZATIONNAME = "阳君";
				TargetAttributes = {
					D490AFEC1C438FA300BFE7F0 = {
						CreatedOnToolsVersion = 7.2;
						LastSwiftMigration = 0830;
					};
				};
			};
			buildConfigurationList = D490AFE81C438FA300BFE7F0 /* Build configuration list for PBXProject "Runtime" */;
			compatibilityVersion = "Xcode 3.2";
			developmentRegion = English;
			hasScannedForEncodings = 0;
			knownRegions = (
				en,
			);
			mainGroup = D490AFE41C438FA300BFE7F0;
			productRefGroup = D490AFEE1C438FA300BFE7F0 /* Products */;
			projectDirPath = "";
			projectRoot = "";
			targets = (
				D490AFEC1C438FA300BFE7F0 /* Runtime */,
			);
		};
/* End PBXProject section */

/* Begin PBXSourcesBuildPhase section */
		D490AFE91C438FA300BFE7F0 /* Sources */ = {
			isa = PBXSourcesBuildPhase;
			buildActionMask = 2147483647;
			files = (
				D490AFF11C438FA300BFE7F0 /* main.swift in Sources */,
				D490AFF91C43904500BFE7F0 /* YJUser.swift in Sources */,
			);
			runOnlyForDeploymentPostprocessing = 0;
		};
/* End PBXSourcesBuildPhase section */

/* Begin XCBuildConfiguration section */
		D490AFF21C438FA300BFE7F0 /* Debug */ = {
			isa = XCBuildConfiguration;
			buildSettings = {
				ALWAYS_SEARCH_USER_PATHS = NO;
				CLANG_CXX_LANGUAGE_STANDARD = "gnu++0x";
				CLANG_CXX_LIBRARY = "libc++";
				CLANG_ENABLE_MODULES = YES;
				CLANG_ENABLE_OBJC_ARC = YES;
				CLANG_WARN_BOOL_CONVERSION = YES;
				CLANG_WARN_CONSTANT_CONVERSION = YES;
				CLANG_WARN_DIRECT_OBJC_ISA_USAGE = YES_ERROR;
				CLANG_WARN_EMPTY_BODY = YES;
				CLANG_WARN_ENUM_CONVERSION = YES;
				CLANG_WARN_INFINITE_RECURSION = YES;
				CLANG_WARN_INT_CONVERSION = YES;
				CLANG_WARN_OBJC_ROOT_CLASS = YES_ERROR;
				CLANG_WARN_SUSPICIOUS_MOVE = YES;
				CLANG_WARN_UNREACHABLE_CODE = YES;
				CLANG_WARN__DUPLICATE_METHOD_MATCH = YES;
				CODE_SIGN_IDENTITY = "-";
				COPY_PHASE_STRIP = NO;
				DEBUG_INFORMATION_FORMAT = dwarf;
				ENABLE_STRICT_OBJC_MSGSEND = YES;
				ENABLE_TESTABILITY = YES;
				GCC_C_LANGUAGE_STANDARD = gnu99;
				GCC_DYNAMIC_NO_PIC = NO;
				GCC_NO_COMMON_BLOCKS = YES;
				GCC_OPTIMIZATION_LEVEL = 0;
				GCC_PREPROCESSOR_DEFINITIONS = (
					"DEBUG=1",
					"$(inherited)",
				);
				GCC_WARN_64_TO_32_BIT_CONVERSION = YES;
				GCC_WARN_ABOUT_RETURN_TYPE = YES_ERROR;
				GCC_WARN_UNDECLARED_SELECTOR = YES;
				GCC_WARN_UNINITIALIZED_AUTOS = YES_AGGRESSIVE;
				GCC_WARN_UNUSED_FUNCTION = YES;
				GCC_WARN_UNUSED_VARIABLE = YES;
				MACOSX_DEPLOYMENT_TARGET = 10.11;
				MTL_ENABLE_DEBUG_INFO = YES;
				ONLY_ACTIVE_ARCH = YES;
				SDKROOT = macosx;
				SWIFT_OPTIMIZATION_LEVEL = "-Onone";
			};
			name = Debug;
		};
		D490AFF31C438FA300BFE7F0 /* Release */ = {
			isa = XCBuildConfiguration;
			buildSettings = {
				ALWAYS_SEARCH_USER_PATHS = NO;
				CLANG_CXX_LANGUAGE_STANDARD = "gnu++0x";
				CLANG_CXX_LIBRARY = "libc++";
				CLANG_ENABLE_MODULES = YES;
				CLANG_ENABLE_OBJC_ARC = YES;
				CLANG_WARN_BOOL_CONVERSION = YES;
				CLANG_WARN_CONSTANT_CONVERSION = YES;
				CLANG_WARN_DIRECT_OBJC_ISA_USAGE = YES_ERROR;
				CLANG_WARN_EMPTY_BODY = YES;
				CLANG_WARN_ENUM_CONVERSION = YES;
				CLANG_WARN_INFINITE_RECURSION = YES;
				CLANG_WARN_INT_CONVERSION = YES;
				CLANG_WARN_OBJC_ROOT_CLASS = YES_ERROR;
				CLANG_WARN_SUSPICIOUS_MOVE = YES;
				CLANG_WARN_UNREACHABLE_CODE = YES;
				CLANG_WARN__DUPLICATE_METHOD_MATCH = YES;
				CODE_SIGN_IDENTITY = "-";
				COPY_PHASE_STRIP = NO;
				DEBUG_INFORMATION_FORMAT = "dwarf-with-dsym";
				ENABLE_NS_ASSERTIONS = NO;
				ENABLE_STRICT_OBJC_MSGSEND = YES;
				GCC_C_LANGUAGE_STANDARD = gnu99;
				GCC_NO_COMMON_BLOCKS = YES;
				GCC_WARN_64_TO_32_BIT_CONVERSION = YES;
				GCC_WARN_ABOUT_RETURN_TYPE = YES_ERROR;
				GCC_WARN_UNDECLARED_SELECTOR = YES;
				GCC_WARN_UNINITIALIZED_AUTOS = YES_AGGRESSIVE;
				GCC_WARN_UNUSED_FUNCTION = YES;
				GCC_WARN_UNUSED_VARIABLE = YES;
				MACOSX_DEPLOYMENT_TARGET = 10.11;
				MTL_ENABLE_DEBUG_INFO = NO;
				SDKROOT = macosx;
				SWIFT_OPTIMIZATION_LEVEL = "-Owholemodule";
			};
			name = Release;
		};
		D490AFF51C438FA300BFE7F0 /* Debug */ = {
			isa = XCBuildConfiguration;
			buildSettings = {
				PRODUCT_NAME = "$(TARGET_NAME)";
				SWIFT_VERSION = 3.0;
			};
			name = Debug;
		};
		D490AFF61C438FA300BFE7F0 /* Release */ = {
			isa = XCBuildConfiguration;
			buildSettings = {
				PRODUCT_NAME = "$(TARGET_NAME)";
				SWIFT_VERSION = 3.0;
			};
			name = Release;
		};
/* End XCBuildConfiguration section */

/* Begin XCConfigurationList section */
		D490AFE81C438FA300BFE7F0 /* Build configuration list for PBXProject "Runtime" */ = {
			isa = XCConfigurationList;
			buildConfigurations = (
				D490AFF21C438FA300BFE7F0 /* Debug */,
				D490AFF31C438FA300BFE7F0 /* Release */,
			);
			defaultConfigurationIsVisible = 0;
			defaultConfigurationName = Release;
		};
		D490AFF41C438FA300BFE7F0 /* Build configuration list for PBXNativeTarget "Runtime" */ = {
			isa = XCConfigurationList;
			buildConfigurations = (
				D490AFF51C438FA300BFE7F0 /* Debug */,
				D490AFF61C438FA300BFE7F0 /* Release */,
			);
			defaultConfigurationIsVisible = 0;
			defaultConfigurationName = Release;
		};
/* End XCConfigurationList section */
	};
	rootObject = D490AFE51C438FA300BFE7F0 /* Project object */;
}
