// !$*UTF8*$!
{
	archiveVersion = 1;
	classes = {
	};
	objectVersion = 46;
	objects = {

/* Begin PBXBuildFile section */
		D439D2ED1C54C02700FB24BC /* AppDelegate.swift in Sources */ = {isa = PBXBuildFile; fileRef = D439D2EC1C54C02700FB24BC /* AppDelegate.swift */; };
		D439D2EF1C54C02700FB24BC /* ViewController.swift in Sources */ = {isa = PBXBuildFile; fileRef = D439D2EE1C54C02700FB24BC /* ViewController.swift */; };
		D439D2F21C54C02700FB24BC /* Main.storyboard in Resources */ = {isa = PBXBuildFile; fileRef = D439D2F01C54C02700FB24BC /* Main.storyboard */; };
		D439D2F41C54C02700FB24BC /* Assets.xcassets in Resources */ = {isa = PBXBuildFile; fileRef = D439D2F31C54C02700FB24BC /* Assets.xcassets */; };
		D439D2F71C54C02700FB24BC /* LaunchScreen.storyboard in Resources */ = {isa = PBXBuildFile; fileRef = D439D2F51C54C02700FB24BC /* LaunchScreen.storyboard */; };
		D439D3021C54C02700FB24BC /* YJSocialTests.swift in Sources */ = {isa = PBXBuildFile; fileRef = D439D3011C54C02700FB24BC /* YJSocialTests.swift */; };
		D439D30D1C54C02700FB24BC /* YJSocialUITests.swift in Sources */ = {isa = PBXBuildFile; fileRef = D439D30C1C54C02700FB24BC /* YJSocialUITests.swift */; };
		D439D3241C54EE2700FB24BC /* ShareViewController.swift in Sources */ = {isa = PBXBuildFile; fileRef = D439D3231C54EE2700FB24BC /* ShareViewController.swift */; };
		D439D3271C54EE2700FB24BC /* MainInterface.storyboard in Resources */ = {isa = PBXBuildFile; fileRef = D439D3251C54EE2700FB24BC /* MainInterface.storyboard */; };
		D439D32B1C54EE2700FB24BC /* ShareExtension.appex in Embed App Extensions */ = {isa = PBXBuildFile; fileRef = D439D3211C54EE2600FB24BC /* ShareExtension.appex */; settings = {ATTRIBUTES = (RemoveHeadersOnCopy, ); }; };
		D439D3311C55C14300FB24BC /* YJSelectTableViewController.swift in Sources */ = {isa = PBXBuildFile; fileRef = D439D3301C55C14300FB24BC /* YJSelectTableViewController.swift */; };
/* End PBXBuildFile section */

/* Begin PBXContainerItemProxy section */
		D439D2FE1C54C02700FB24BC /* PBXContainerItemProxy */ = {
			isa = PBXContainerItemProxy;
			containerPortal = D439D2E11C54C02700FB24BC /* Project object */;
			proxyType = 1;
			remoteGlobalIDString = D439D2E81C54C02700FB24BC;
			remoteInfo = YJSocial;
		};
		D439D3091C54C02700FB24BC /* PBXContainerItemProxy */ = {
			isa = PBXContainerItemProxy;
			containerPortal = D439D2E11C54C02700FB24BC /* Project object */;
			proxyType = 1;
			remoteGlobalIDString = D439D2E81C54C02700FB24BC;
			remoteInfo = YJSocial;
		};
		D439D3291C54EE2700FB24BC /* PBXContainerItemProxy */ = {
			isa = PBXContainerItemProxy;
			containerPortal = D439D2E11C54C02700FB24BC /* Project object */;
			proxyType = 1;
			remoteGlobalIDString = D439D3201C54EE2600FB24BC;
			remoteInfo = ShareExtension;
		};
/* End PBXContainerItemProxy section */

/* Begin PBXCopyFilesBuildPhase section */
		D439D32F1C54EE2700FB24BC /* Embed App Extensions */ = {
			isa = PBXCopyFilesBuildPhase;
			buildActionMask = 2147483647;
			dstPath = "";
			dstSubfolderSpec = 13;
			files = (
				D439D32B1C54EE2700FB24BC /* ShareExtension.appex in Embed App Extensions */,
			);
			name = "Embed App Extensions";
			runOnlyForDeploymentPostprocessing = 0;
		};
/* End PBXCopyFilesBuildPhase section */

/* Begin PBXFileReference section */
		D439D2E91C54C02700FB24BC /* YJSocial.app */ = {isa = PBXFileReference; explicitFileType = wrapper.application; includeInIndex = 0; path = YJSocial.app; sourceTree = BUILT_PRODUCTS_DIR; };
		D439D2EC1C54C02700FB24BC /* AppDelegate.swift */ = {isa = PBXFileReference; lastKnownFileType = sourcecode.swift; path = AppDelegate.swift; sourceTree = "<group>"; };
		D439D2EE1C54C02700FB24BC /* ViewController.swift */ = {isa = PBXFileReference; lastKnownFileType = sourcecode.swift; path = ViewController.swift; sourceTree = "<group>"; };
		D439D2F11C54C02700FB24BC /* Base */ = {isa = PBXFileReference; lastKnownFileType = file.storyboard; name = Base; path = Base.lproj/Main.storyboard; sourceTree = "<group>"; };
		D439D2F31C54C02700FB24BC /* Assets.xcassets */ = {isa = PBXFileReference; lastKnownFileType = folder.assetcatalog; path = Assets.xcassets; sourceTree = "<group>"; };
		D439D2F61C54C02700FB24BC /* Base */ = {isa = PBXFileReference; lastKnownFileType = file.storyboard; name = Base; path = Base.lproj/LaunchScreen.storyboard; sourceTree = "<group>"; };
		D439D2F81C54C02700FB24BC /* Info.plist */ = {isa = PBXFileReference; lastKnownFileType = text.plist.xml; path = Info.plist; sourceTree = "<group>"; };
		D439D2FD1C54C02700FB24BC /* YJSocialTests.xctest */ = {isa = PBXFileReference; explicitFileType = wrapper.cfbundle; includeInIndex = 0; path = YJSocialTests.xctest; sourceTree = BUILT_PRODUCTS_DIR; };
		D439D3011C54C02700FB24BC /* YJSocialTests.swift */ = {isa = PBXFileReference; lastKnownFileType = sourcecode.swift; path = YJSocialTests.swift; sourceTree = "<group>"; };
		D439D3031C54C02700FB24BC /* Info.plist */ = {isa = PBXFileReference; lastKnownFileType = text.plist.xml; path = Info.plist; sourceTree = "<group>"; };
		D439D3081C54C02700FB24BC /* YJSocialUITests.xctest */ = {isa = PBXFileReference; explicitFileType = wrapper.cfbundle; includeInIndex = 0; path = YJSocialUITests.xctest; sourceTree = BUILT_PRODUCTS_DIR; };
		D439D30C1C54C02700FB24BC /* YJSocialUITests.swift */ = {isa = PBXFileReference; lastKnownFileType = sourcecode.swift; path = YJSocialUITests.swift; sourceTree = "<group>"; };
		D439D30E1C54C02700FB24BC /* Info.plist */ = {isa = PBXFileReference; lastKnownFileType = text.plist.xml; path = Info.plist; sourceTree = "<group>"; };
		D439D3211C54EE2600FB24BC /* ShareExtension.appex */ = {isa = PBXFileReference; explicitFileType = "wrapper.app-extension"; includeInIndex = 0; path = ShareExtension.appex; sourceTree = BUILT_PRODUCTS_DIR; };
		D439D3231C54EE2700FB24BC /* ShareViewController.swift */ = {isa = PBXFileReference; lastKnownFileType = sourcecode.swift; path = ShareViewController.swift; sourceTree = "<group>"; };
		D439D3261C54EE2700FB24BC /* Base */ = {isa = PBXFileReference; lastKnownFileType = file.storyboard; name = Base; path = Base.lproj/MainInterface.storyboard; sourceTree = "<group>"; };
		D439D3281C54EE2700FB24BC /* Info.plist */ = {isa = PBXFileReference; lastKnownFileType = text.plist.xml; path = Info.plist; sourceTree = "<group>"; };
		D439D3301C55C14300FB24BC /* YJSelectTableViewController.swift */ = {isa = PBXFileReference; fileEncoding = 4; lastKnownFileType = sourcecode.swift; path = YJSelectTableViewController.swift; sourceTree = "<group>"; };
/* End PBXFileReference section */

/* Begin PBXFrameworksBuildPhase section */
		D439D2E61C54C02700FB24BC /* Frameworks */ = {
			isa = PBXFrameworksBuildPhase;
			buildActionMask = 2147483647;
			files = (
			);
			runOnlyForDeploymentPostprocessing = 0;
		};
		D439D2FA1C54C02700FB24BC /* Frameworks */ = {
			isa = PBXFrameworksBuildPhase;
			buildActionMask = 2147483647;
			files = (
			);
			runOnlyForDeploymentPostprocessing = 0;
		};
		D439D3051C54C02700FB24BC /* Frameworks */ = {
			isa = PBXFrameworksBuildPhase;
			buildActionMask = 2147483647;
			files = (
			);
			runOnlyForDeploymentPostprocessing = 0;
		};
		D439D31E1C54EE2600FB24BC /* Frameworks */ = {
			isa = PBXFrameworksBuildPhase;
			buildActionMask = 2147483647;
			files = (
			);
			runOnlyForDeploymentPostprocessing = 0;
		};
/* End PBXFrameworksBuildPhase section */

/* Begin PBXGroup section */
		D439D2E01C54C02700FB24BC = {
			isa = PBXGroup;
			children = (
				D439D2EB1C54C02700FB24BC /* YJSocial */,
				D439D3001C54C02700FB24BC /* YJSocialTests */,
				D439D30B1C54C02700FB24BC /* YJSocialUITests */,
				D439D3221C54EE2700FB24BC /* ShareExtension */,
				D439D2EA1C54C02700FB24BC /* Products */,
			);
			sourceTree = "<group>";
		};
		D439D2EA1C54C02700FB24BC /* Products */ = {
			isa = PBXGroup;
			children = (
				D439D2E91C54C02700FB24BC /* YJSocial.app */,
				D439D2FD1C54C02700FB24BC /* YJSocialTests.xctest */,
				D439D3081C54C02700FB24BC /* YJSocialUITests.xctest */,
				D439D3211C54EE2600FB24BC /* ShareExtension.appex */,
			);
			name = Products;
			sourceTree = "<group>";
		};
		D439D2EB1C54C02700FB24BC /* YJSocial */ = {
			isa = PBXGroup;
			children = (
				D439D2EC1C54C02700FB24BC /* AppDelegate.swift */,
				D439D31C1C54C05000FB24BC /* Main */,
				D439D31B1C54C04800FB24BC /* Storyboard */,
				D439D31A1C54C03F00FB24BC /* Resources */,
			);
			path = YJSocial;
			sourceTree = "<group>";
		};
		D439D3001C54C02700FB24BC /* YJSocialTests */ = {
			isa = PBXGroup;
			children = (
				D439D3011C54C02700FB24BC /* YJSocialTests.swift */,
				D439D3031C54C02700FB24BC /* Info.plist */,
			);
			path = YJSocialTests;
			sourceTree = "<group>";
		};
		D439D30B1C54C02700FB24BC /* YJSocialUITests */ = {
			isa = PBXGroup;
			children = (
				D439D30C1C54C02700FB24BC /* YJSocialUITests.swift */,
				D439D30E1C54C02700FB24BC /* Info.plist */,
			);
			path = YJSocialUITests;
			sourceTree = "<group>";
		};
		D439D31A1C54C03F00FB24BC /* Resources */ = {
			isa = PBXGroup;
			children = (
				D439D2F31C54C02700FB24BC /* Assets.xcassets */,
				D439D2F81C54C02700FB24BC /* Info.plist */,
			);
			name = Resources;
			sourceTree = "<group>";
		};
		D439D31B1C54C04800FB24BC /* Storyboard */ = {
			isa = PBXGroup;
			children = (
				D439D2F01C54C02700FB24BC /* Main.storyboard */,
				D439D2F51C54C02700FB24BC /* LaunchScreen.storyboard */,
			);
			name = Storyboard;
			sourceTree = "<group>";
		};
		D439D31C1C54C05000FB24BC /* Main */ = {
			isa = PBXGroup;
			children = (
				D439D2EE1C54C02700FB24BC /* ViewController.swift */,
			);
			name = Main;
			sourceTree = "<group>";
		};
		D439D3221C54EE2700FB24BC /* ShareExtension */ = {
			isa = PBXGroup;
			children = (
				D439D3341C55C22B00FB24BC /* Storyboard */,
				D439D3331C55C21E00FB24BC /* Main */,
				D439D3321C55C14D00FB24BC /* Resources */,
			);
			path = ShareExtension;
			sourceTree = "<group>";
		};
		D439D3321C55C14D00FB24BC /* Resources */ = {
			isa = PBXGroup;
			children = (
				D439D3281C54EE2700FB24BC /* Info.plist */,
			);
			name = Resources;
			sourceTree = "<group>";
		};
		D439D3331C55C21E00FB24BC /* Main */ = {
			isa = PBXGroup;
			children = (
				D439D3231C54EE2700FB24BC /* ShareViewController.swift */,
				D439D3301C55C14300FB24BC /* YJSelectTableViewController.swift */,
			);
			name = Main;
			sourceTree = "<group>";
		};
		D439D3341C55C22B00FB24BC /* Storyboard */ = {
			isa = PBXGroup;
			children = (
				D439D3251C54EE2700FB24BC /* MainInterface.storyboard */,
			);
			name = Storyboard;
			sourceTree = "<group>";
		};
/* End PBXGroup section */

/* Begin PBXNativeTarget section */
		D439D2E81C54C02700FB24BC /* YJSocial */ = {
			isa = PBXNativeTarget;
			buildConfigurationList = D439D3111C54C02700FB24BC /* Build configuration list for PBXNativeTarget "YJSocial" */;
			buildPhases = (
				D439D2E51C54C02700FB24BC /* Sources */,
				D439D2E61C54C02700FB24BC /* Frameworks */,
				D439D2E71C54C02700FB24BC /* Resources */,
				D439D32F1C54EE2700FB24BC /* Embed App Extensions */,
			);
			buildRules = (
			);
			dependencies = (
				D439D32A1C54EE2700FB24BC /* PBXTargetDependency */,
			);
			name = YJSocial;
			productName = YJSocial;
			productReference = D439D2E91C54C02700FB24BC /* YJSocial.app */;
			productType = "com.apple.product-type.application";
		};
		D439D2FC1C54C02700FB24BC /* YJSocialTests */ = {
			isa = PBXNativeTarget;
			buildConfigurationList = D439D3141C54C02700FB24BC /* Build configuration list for PBXNativeTarget "YJSocialTests" */;
			buildPhases = (
				D439D2F91C54C02700FB24BC /* Sources */,
				D439D2FA1C54C02700FB24BC /* Frameworks */,
				D439D2FB1C54C02700FB24BC /* Resources */,
			);
			buildRules = (
			);
			dependencies = (
				D439D2FF1C54C02700FB24BC /* PBXTargetDependency */,
			);
			name = YJSocialTests;
			productName = YJSocialTests;
			productReference = D439D2FD1C54C02700FB24BC /* YJSocialTests.xctest */;
			productType = "com.apple.product-type.bundle.unit-test";
		};
		D439D3071C54C02700FB24BC /* YJSocialUITests */ = {
			isa = PBXNativeTarget;
			buildConfigurationList = D439D3171C54C02700FB24BC /* Build configuration list for PBXNativeTarget "YJSocialUITests" */;
			buildPhases = (
				D439D3041C54C02700FB24BC /* Sources */,
				D439D3051C54C02700FB24BC /* Frameworks */,
				D439D3061C54C02700FB24BC /* Resources */,
			);
			buildRules = (
			);
			dependencies = (
				D439D30A1C54C02700FB24BC /* PBXTargetDependency */,
			);
			name = YJSocialUITests;
			productName = YJSocialUITests;
			productReference = D439D3081C54C02700FB24BC /* YJSocialUITests.xctest */;
			productType = "com.apple.product-type.bundle.ui-testing";
		};
		D439D3201C54EE2600FB24BC /* ShareExtension */ = {
			isa = PBXNativeTarget;
			buildConfigurationList = D439D32C1C54EE2700FB24BC /* Build configuration list for PBXNativeTarget "ShareExtension" */;
			buildPhases = (
				D439D31D1C54EE2600FB24BC /* Sources */,
				D439D31E1C54EE2600FB24BC /* Frameworks */,
				D439D31F1C54EE2600FB24BC /* Resources */,
			);
			buildRules = (
			);
			dependencies = (
			);
			name = ShareExtension;
			productName = ShareExtension;
			productReference = D439D3211C54EE2600FB24BC /* ShareExtension.appex */;
			productType = "com.apple.product-type.app-extension";
		};
/* End PBXNativeTarget section */

/* Begin PBXProject section */
		D439D2E11C54C02700FB24BC /* Project object */ = {
			isa = PBXProject;
			attributes = {
				CLASSPREFIX = YJ;
				LastSwiftUpdateCheck = 0720;
				LastUpgradeCheck = 0720;
				ORGANIZATIONNAME = "阳君";
				TargetAttributes = {
					D439D2E81C54C02700FB24BC = {
						CreatedOnToolsVersion = 7.2;
						LastSwiftMigration = 0810;
					};
					D439D2FC1C54C02700FB24BC = {
						CreatedOnToolsVersion = 7.2;
						LastSwiftMigration = 0810;
						TestTargetID = D439D2E81C54C02700FB24BC;
					};
					D439D3071C54C02700FB24BC = {
						CreatedOnToolsVersion = 7.2;
						LastSwiftMigration = 0810;
						TestTargetID = D439D2E81C54C02700FB24BC;
					};
					D439D3201C54EE2600FB24BC = {
						CreatedOnToolsVersion = 7.2;
						LastSwiftMigration = 0810;
					};
				};
			};
			buildConfigurationList = D439D2E41C54C02700FB24BC /* Build configuration list for PBXProject "YJSocial" */;
			compatibilityVersion = "Xcode 3.2";
			developmentRegion = English;
			hasScannedForEncodings = 0;
			knownRegions = (
				en,
				Base,
			);
			mainGroup = D439D2E01C54C02700FB24BC;
			productRefGroup = D439D2EA1C54C02700FB24BC /* Products */;
			projectDirPath = "";
			projectRoot = "";
			targets = (
				D439D2E81C54C02700FB24BC /* YJSocial */,
				D439D2FC1C54C02700FB24BC /* YJSocialTests */,
				D439D3071C54C02700FB24BC /* YJSocialUITests */,
				D439D3201C54EE2600FB24BC /* ShareExtension */,
			);
		};
/* End PBXProject section */

/* Begin PBXResourcesBuildPhase section */
		D439D2E71C54C02700FB24BC /* Resources */ = {
			isa = PBXResourcesBuildPhase;
			buildActionMask = 2147483647;
			files = (
				D439D2F71C54C02700FB24BC /* LaunchScreen.storyboard in Resources */,
				D439D2F41C54C02700FB24BC /* Assets.xcassets in Resources */,
				D439D2F21C54C02700FB24BC /* Main.storyboard in Resources */,
			);
			runOnlyForDeploymentPostprocessing = 0;
		};
		D439D2FB1C54C02700FB24BC /* Resources */ = {
			isa = PBXResourcesBuildPhase;
			buildActionMask = 2147483647;
			files = (
			);
			runOnlyForDeploymentPostprocessing = 0;
		};
		D439D3061C54C02700FB24BC /* Resources */ = {
			isa = PBXResourcesBuildPhase;
			buildActionMask = 2147483647;
			files = (
			);
			runOnlyForDeploymentPostprocessing = 0;
		};
		D439D31F1C54EE2600FB24BC /* Resources */ = {
			isa = PBXResourcesBuildPhase;
			buildActionMask = 2147483647;
			files = (
				D439D3271C54EE2700FB24BC /* MainInterface.storyboard in Resources */,
			);
			runOnlyForDeploymentPostprocessing = 0;
		};
/* End PBXResourcesBuildPhase section */

/* Begin PBXSourcesBuildPhase section */
		D439D2E51C54C02700FB24BC /* Sources */ = {
			isa = PBXSourcesBuildPhase;
			buildActionMask = 2147483647;
			files = (
				D439D2EF1C54C02700FB24BC /* ViewController.swift in Sources */,
				D439D2ED1C54C02700FB24BC /* AppDelegate.swift in Sources */,
			);
			runOnlyForDeploymentPostprocessing = 0;
		};
		D439D2F91C54C02700FB24BC /* Sources */ = {
			isa = PBXSourcesBuildPhase;
			buildActionMask = 2147483647;
			files = (
				D439D3021C54C02700FB24BC /* YJSocialTests.swift in Sources */,
			);
			runOnlyForDeploymentPostprocessing = 0;
		};
		D439D3041C54C02700FB24BC /* Sources */ = {
			isa = PBXSourcesBuildPhase;
			buildActionMask = 2147483647;
			files = (
				D439D30D1C54C02700FB24BC /* YJSocialUITests.swift in Sources */,
			);
			runOnlyForDeploymentPostprocessing = 0;
		};
		D439D31D1C54EE2600FB24BC /* Sources */ = {
			isa = PBXSourcesBuildPhase;
			buildActionMask = 2147483647;
			files = (
				D439D3311C55C14300FB24BC /* YJSelectTableViewController.swift in Sources */,
				D439D3241C54EE2700FB24BC /* ShareViewController.swift in Sources */,
			);
			runOnlyForDeploymentPostprocessing = 0;
		};
/* End PBXSourcesBuildPhase section */

/* Begin PBXTargetDependency section */
		D439D2FF1C54C02700FB24BC /* PBXTargetDependency */ = {
			isa = PBXTargetDependency;
			target = D439D2E81C54C02700FB24BC /* YJSocial */;
			targetProxy = D439D2FE1C54C02700FB24BC /* PBXContainerItemProxy */;
		};
		D439D30A1C54C02700FB24BC /* PBXTargetDependency */ = {
			isa = PBXTargetDependency;
			target = D439D2E81C54C02700FB24BC /* YJSocial */;
			targetProxy = D439D3091C54C02700FB24BC /* PBXContainerItemProxy */;
		};
		D439D32A1C54EE2700FB24BC /* PBXTargetDependency */ = {
			isa = PBXTargetDependency;
			target = D439D3201C54EE2600FB24BC /* ShareExtension */;
			targetProxy = D439D3291C54EE2700FB24BC /* PBXContainerItemProxy */;
		};
/* End PBXTargetDependency section */

/* Begin PBXVariantGroup section */
		D439D2F01C54C02700FB24BC /* Main.storyboard */ = {
			isa = PBXVariantGroup;
			children = (
				D439D2F11C54C02700FB24BC /* Base */,
			);
			name = Main.storyboard;
			sourceTree = "<group>";
		};
		D439D2F51C54C02700FB24BC /* LaunchScreen.storyboard */ = {
			isa = PBXVariantGroup;
			children = (
				D439D2F61C54C02700FB24BC /* Base */,
			);
			name = LaunchScreen.storyboard;
			sourceTree = "<group>";
		};
		D439D3251C54EE2700FB24BC /* MainInterface.storyboard */ = {
			isa = PBXVariantGroup;
			children = (
				D439D3261C54EE2700FB24BC /* Base */,
			);
			name = MainInterface.storyboard;
			sourceTree = "<group>";
		};
/* End PBXVariantGroup section */

/* Begin XCBuildConfiguration section */
		D439D30F1C54C02700FB24BC /* Debug */ = {
			isa = XCBuildConfiguration;
			buildSettings = {
				ALWAYS_SEARCH_USER_PATHS = NO;
				CLANG_CXX_LANGUAGE_STANDARD = "gnu++0x";
				CLANG_CXX_LIBRARY = "libc++";
				CLANG_ENABLE_MODULES = YES;
				CLANG_ENABLE_OBJC_ARC = YES;
				CLANG_WARN_BOOL_CONVERSION = YES;
				CLANG_WARN_CONSTANT_CONVERSION = YES;
				CLANG_WARN_DIRECT_OBJC_ISA_USAGE = YES_ERROR;
				CLANG_WARN_EMPTY_BODY = YES;
				CLANG_WARN_ENUM_CONVERSION = YES;
				CLANG_WARN_INT_CONVERSION = YES;
				CLANG_WARN_OBJC_ROOT_CLASS = YES_ERROR;
				CLANG_WARN_UNREACHABLE_CODE = YES;
				CLANG_WARN__DUPLICATE_METHOD_MATCH = YES;
				"CODE_SIGN_IDENTITY[sdk=iphoneos*]" = "iPhone Developer";
				COPY_PHASE_STRIP = NO;
				DEBUG_INFORMATION_FORMAT = dwarf;
				ENABLE_STRICT_OBJC_MSGSEND = YES;
				ENABLE_TESTABILITY = YES;
				GCC_C_LANGUAGE_STANDARD = gnu99;
				GCC_DYNAMIC_NO_PIC = NO;
				GCC_NO_COMMON_BLOCKS = YES;
				GCC_OPTIMIZATION_LEVEL = 0;
				GCC_PREPROCESSOR_DEFINITIONS = (
					"DEBUG=1",
					"$(inherited)",
				);
				GCC_WARN_64_TO_32_BIT_CONVERSION = YES;
				GCC_WARN_ABOUT_RETURN_TYPE = YES_ERROR;
				GCC_WARN_UNDECLARED_SELECTOR = YES;
				GCC_WARN_UNINITIALIZED_AUTOS = YES_AGGRESSIVE;
				GCC_WARN_UNUSED_FUNCTION = YES;
				GCC_WARN_UNUSED_VARIABLE = YES;
				IPHONEOS_DEPLOYMENT_TARGET = 9.2;
				MTL_ENABLE_DEBUG_INFO = YES;
				ONLY_ACTIVE_ARCH = YES;
				SDKROOT = iphoneos;
				SWIFT_OPTIMIZATION_LEVEL = "-Onone";
				TARGETED_DEVICE_FAMILY = "1,2";
			};
			name = Debug;
		};
		D439D3101C54C02700FB24BC /* Release */ = {
			isa = XCBuildConfiguration;
			buildSettings = {
				ALWAYS_SEARCH_USER_PATHS = NO;
				CLANG_CXX_LANGUAGE_STANDARD = "gnu++0x";
				CLANG_CXX_LIBRARY = "libc++";
				CLANG_ENABLE_MODULES = YES;
				CLANG_ENABLE_OBJC_ARC = YES;
				CLANG_WARN_BOOL_CONVERSION = YES;
				CLANG_WARN_CONSTANT_CONVERSION = YES;
				CLANG_WARN_DIRECT_OBJC_ISA_USAGE = YES_ERROR;
				CLANG_WARN_EMPTY_BODY = YES;
				CLANG_WARN_ENUM_CONVERSION = YES;
				CLANG_WARN_INT_CONVERSION = YES;
				CLANG_WARN_OBJC_ROOT_CLASS = YES_ERROR;
				CLANG_WARN_UNREACHABLE_CODE = YES;
				CLANG_WARN__DUPLICATE_METHOD_MATCH = YES;
				"CODE_SIGN_IDENTITY[sdk=iphoneos*]" = "iPhone Developer";
				COPY_PHASE_STRIP = NO;
				DEBUG_INFORMATION_FORMAT = "dwarf-with-dsym";
				ENABLE_NS_ASSERTIONS = NO;
				ENABLE_STRICT_OBJC_MSGSEND = YES;
				GCC_C_LANGUAGE_STANDARD = gnu99;
				GCC_NO_COMMON_BLOCKS = YES;
				GCC_WARN_64_TO_32_BIT_CONVERSION = YES;
				GCC_WARN_ABOUT_RETURN_TYPE = YES_ERROR;
				GCC_WARN_UNDECLARED_SELECTOR = YES;
				GCC_WARN_UNINITIALIZED_AUTOS = YES_AGGRESSIVE;
				GCC_WARN_UNUSED_FUNCTION = YES;
				GCC_WARN_UNUSED_VARIABLE = YES;
				IPHONEOS_DEPLOYMENT_TARGET = 9.2;
				MTL_ENABLE_DEBUG_INFO = NO;
				SDKROOT = iphoneos;
				TARGETED_DEVICE_FAMILY = "1,2";
				VALIDATE_PRODUCT = YES;
			};
			name = Release;
		};
		D439D3121C54C02700FB24BC /* Debug */ = {
			isa = XCBuildConfiguration;
			buildSettings = {
				ASSETCATALOG_COMPILER_APPICON_NAME = AppIcon;
				EMBEDDED_CONTENT_CONTAINS_SWIFT = YES;
				INFOPLIST_FILE = YJSocial/Info.plist;
				LD_RUNPATH_SEARCH_PATHS = "$(inherited) @executable_path/Frameworks";
				PRODUCT_BUNDLE_IDENTIFIER = com.YJSocial;
				PRODUCT_NAME = "$(TARGET_NAME)";
				SWIFT_VERSION = 3.0;
			};
			name = Debug;
		};
		D439D3131C54C02700FB24BC /* Release */ = {
			isa = XCBuildConfiguration;
			buildSettings = {
				ASSETCATALOG_COMPILER_APPICON_NAME = AppIcon;
				EMBEDDED_CONTENT_CONTAINS_SWIFT = YES;
				INFOPLIST_FILE = YJSocial/Info.plist;
				LD_RUNPATH_SEARCH_PATHS = "$(inherited) @executable_path/Frameworks";
				PRODUCT_BUNDLE_IDENTIFIER = com.YJSocial;
				PRODUCT_NAME = "$(TARGET_NAME)";
				SWIFT_VERSION = 3.0;
			};
			name = Release;
		};
		D439D3151C54C02700FB24BC /* Debug */ = {
			isa = XCBuildConfiguration;
			buildSettings = {
				BUNDLE_LOADER = "$(TEST_HOST)";
				INFOPLIST_FILE = YJSocialTests/Info.plist;
				LD_RUNPATH_SEARCH_PATHS = "$(inherited) @executable_path/Frameworks @loader_path/Frameworks";
				PRODUCT_BUNDLE_IDENTIFIER = com.YJSocialTests;
				PRODUCT_NAME = "$(TARGET_NAME)";
				SWIFT_VERSION = 3.0;
				TEST_HOST = "$(BUILT_PRODUCTS_DIR)/YJSocial.app/YJSocial";
			};
			name = Debug;
		};
		D439D3161C54C02700FB24BC /* Release */ = {
			isa = XCBuildConfiguration;
			buildSettings = {
				BUNDLE_LOADER = "$(TEST_HOST)";
				INFOPLIST_FILE = YJSocialTests/Info.plist;
				LD_RUNPATH_SEARCH_PATHS = "$(inherited) @executable_path/Frameworks @loader_path/Frameworks";
				PRODUCT_BUNDLE_IDENTIFIER = com.YJSocialTests;
				PRODUCT_NAME = "$(TARGET_NAME)";
				SWIFT_VERSION = 3.0;
				TEST_HOST = "$(BUILT_PRODUCTS_DIR)/YJSocial.app/YJSocial";
			};
			name = Release;
		};
		D439D3181C54C02700FB24BC /* Debug */ = {
			isa = XCBuildConfiguration;
			buildSettings = {
				INFOPLIST_FILE = YJSocialUITests/Info.plist;
				LD_RUNPATH_SEARCH_PATHS = "$(inherited) @executable_path/Frameworks @loader_path/Frameworks";
				PRODUCT_BUNDLE_IDENTIFIER = com.YJSocialUITests;
				PRODUCT_NAME = "$(TARGET_NAME)";
				SWIFT_VERSION = 3.0;
				TEST_TARGET_NAME = YJSocial;
				USES_XCTRUNNER = YES;
			};
			name = Debug;
		};
		D439D3191C54C02700FB24BC /* Release */ = {
			isa = XCBuildConfiguration;
			buildSettings = {
				INFOPLIST_FILE = YJSocialUITests/Info.plist;
				LD_RUNPATH_SEARCH_PATHS = "$(inherited) @executable_path/Frameworks @loader_path/Frameworks";
				PRODUCT_BUNDLE_IDENTIFIER = com.YJSocialUITests;
				PRODUCT_NAME = "$(TARGET_NAME)";
				SWIFT_VERSION = 3.0;
				TEST_TARGET_NAME = YJSocial;
				USES_XCTRUNNER = YES;
			};
			name = Release;
		};
		D439D32D1C54EE2700FB24BC /* Debug */ = {
			isa = XCBuildConfiguration;
			buildSettings = {
				INFOPLIST_FILE = ShareExtension/Info.plist;
				LD_RUNPATH_SEARCH_PATHS = "$(inherited) @executable_path/Frameworks @executable_path/../../Frameworks";
				PRODUCT_BUNDLE_IDENTIFIER = com.YJSocial.ShareExtension;
				PRODUCT_NAME = "$(TARGET_NAME)";
				SKIP_INSTALL = YES;
				SWIFT_VERSION = 3.0;
			};
			name = Debug;
		};
		D439D32E1C54EE2700FB24BC /* Release */ = {
			isa = XCBuildConfiguration;
			buildSettings = {
				INFOPLIST_FILE = ShareExtension/Info.plist;
				LD_RUNPATH_SEARCH_PATHS = "$(inherited) @executable_path/Frameworks @executable_path/../../Frameworks";
				PRODUCT_BUNDLE_IDENTIFIER = com.YJSocial.ShareExtension;
				PRODUCT_NAME = "$(TARGET_NAME)";
				SKIP_INSTALL = YES;
				SWIFT_VERSION = 3.0;
			};
			name = Release;
		};
/* End XCBuildConfiguration section */

/* Begin XCConfigurationList section */
		D439D2E41C54C02700FB24BC /* Build configuration list for PBXProject "YJSocial" */ = {
			isa = XCConfigurationList;
			buildConfigurations = (
				D439D30F1C54C02700FB24BC /* Debug */,
				D439D3101C54C02700FB24BC /* Release */,
			);
			defaultConfigurationIsVisible = 0;
			defaultConfigurationName = Release;
		};
		D439D3111C54C02700FB24BC /* Build configuration list for PBXNativeTarget "YJSocial" */ = {
			isa = XCConfigurationList;
			buildConfigurations = (
				D439D3121C54C02700FB24BC /* Debug */,
				D439D3131C54C02700FB24BC /* Release */,
			);
			defaultConfigurationIsVisible = 0;
			defaultConfigurationName = Release;
		};
		D439D3141C54C02700FB24BC /* Build configuration list for PBXNativeTarget "YJSocialTests" */ = {
			isa = XCConfigurationList;
			buildConfigurations = (
				D439D3151C54C02700FB24BC /* Debug */,
				D439D3161C54C02700FB24BC /* Release */,
			);
			defaultConfigurationIsVisible = 0;
			defaultConfigurationName = Release;
		};
		D439D3171C54C02700FB24BC /* Build configuration list for PBXNativeTarget "YJSocialUITests" */ = {
			isa = XCConfigurationList;
			buildConfigurations = (
				D439D3181C54C02700FB24BC /* Debug */,
				D439D3191C54C02700FB24BC /* Release */,
			);
			defaultConfigurationIsVisible = 0;
			defaultConfigurationName = Release;
		};
		D439D32C1C54EE2700FB24BC /* Build configuration list for PBXNativeTarget "ShareExtension" */ = {
			isa = XCConfigurationList;
			buildConfigurations = (
				D439D32D1C54EE2700FB24BC /* Debug */,
				D439D32E1C54EE2700FB24BC /* Release */,
			);
			defaultConfigurationIsVisible = 0;
			defaultConfigurationName = Release;
		};
/* End XCConfigurationList section */
	};
	rootObject = D439D2E11C54C02700FB24BC /* Project object */;
}
